{
  "version": 4,
  "terraform_version": "0.12.26",
  "serial": 39,
  "lineage": "36bbd9e6-f112-cae6-c626-495705ef400b",
  "outputs": {
    "outavailabilityzone": {
      "value": "subnet-bbf5cfd3",
      "type": "string"
    },
    "outip": {
      "value": "13.127.231.135",
      "type": "string"
    }
  },
  "resources": [
    {
      "mode": "managed",
      "type": "aws_cloudfront_distribution",
      "name": "s3_distribution",
      "provider": "provider.aws",
      "instances": [
        {
          "schema_version": 1,
          "attributes": {
            "active_trusted_signers": {
              "enabled": "false",
              "items.#": "0"
            },
            "aliases": null,
            "arn": "arn:aws:cloudfront::386123244177:distribution/E2LL6NC63ONZSD",
            "cache_behavior": [],
            "caller_reference": "terraform-20200906090332988800000002",
            "comment": "The image of AWS",
            "custom_error_response": [],
            "default_cache_behavior": [
              {
                "allowed_methods": [
                  "DELETE",
                  "GET",
                  "HEAD",
                  "OPTIONS",
                  "PATCH",
                  "POST",
                  "PUT"
                ],
                "cached_methods": [
                  "GET",
                  "HEAD"
                ],
                "compress": false,
                "default_ttl": 3600,
                "field_level_encryption_id": "",
                "forwarded_values": [
                  {
                    "cookies": [
                      {
                        "forward": "none",
                        "whitelisted_names": null
                      }
                    ],
                    "headers": null,
                    "query_string": false,
                    "query_string_cache_keys": null
                  }
                ],
                "lambda_function_association": [],
                "max_ttl": 86400,
                "min_ttl": 0,
                "smooth_streaming": false,
                "target_origin_id": "myS3Origin",
                "trusted_signers": null,
                "viewer_protocol_policy": "allow-all"
              }
            ],
            "default_root_object": "AWS.png",
            "domain_name": "d10liyi2nxganc.cloudfront.net",
            "enabled": true,
            "etag": "EFU8O3X9UT7GL",
            "hosted_zone_id": "Z2FDTNDATAQYW2",
            "http_version": "http2",
            "id": "E2LL6NC63ONZSD",
            "in_progress_validation_batches": 0,
            "is_ipv6_enabled": true,
            "last_modified_time": "2020-09-06 09:03:34.953 +0000 UTC",
            "logging_config": [],
            "ordered_cache_behavior": [
              {
                "allowed_methods": [
                  "GET",
                  "HEAD",
                  "OPTIONS"
                ],
                "cached_methods": [
                  "GET",
                  "HEAD",
                  "OPTIONS"
                ],
                "compress": true,
                "default_ttl": 86400,
                "field_level_encryption_id": "",
                "forwarded_values": [
                  {
                    "cookies": [
                      {
                        "forward": "none",
                        "whitelisted_names": null
                      }
                    ],
                    "headers": [
                      "Origin"
                    ],
                    "query_string": false,
                    "query_string_cache_keys": null
                  }
                ],
                "lambda_function_association": [],
                "max_ttl": 31536000,
                "min_ttl": 0,
                "path_pattern": "/content/immutable/*",
                "smooth_streaming": false,
                "target_origin_id": "myS3Origin",
                "trusted_signers": null,
                "viewer_protocol_policy": "redirect-to-https"
              },
              {
                "allowed_methods": [
                  "GET",
                  "HEAD",
                  "OPTIONS"
                ],
                "cached_methods": [
                  "GET",
                  "HEAD"
                ],
                "compress": true,
                "default_ttl": 3600,
                "field_level_encryption_id": "",
                "forwarded_values": [
                  {
                    "cookies": [
                      {
                        "forward": "none",
                        "whitelisted_names": null
                      }
                    ],
                    "headers": null,
                    "query_string": false,
                    "query_string_cache_keys": null
                  }
                ],
                "lambda_function_association": [],
                "max_ttl": 86400,
                "min_ttl": 0,
                "path_pattern": "/content/*",
                "smooth_streaming": false,
                "target_origin_id": "myS3Origin",
                "trusted_signers": null,
                "viewer_protocol_policy": "redirect-to-https"
              }
            ],
            "origin": [
              {
                "custom_header": [],
                "custom_origin_config": [],
                "domain_name": "my-task2-terraform-bucket.s3.ap-south-1.amazonaws.com",
                "origin_id": "myS3Origin",
                "origin_path": "",
                "s3_origin_config": []
              }
            ],
            "origin_group": [],
            "price_class": "PriceClass_200",
            "restrictions": [
              {
                "geo_restriction": [
                  {
                    "locations": [
                      "CA",
                      "DE",
                      "GB",
                      "US"
                    ],
                    "restriction_type": "blacklist"
                  }
                ]
              }
            ],
            "retain_on_delete": false,
            "status": "Deployed",
            "tags": {
              "Environment": "production"
            },
            "viewer_certificate": [
              {
                "acm_certificate_arn": "",
                "cloudfront_default_certificate": true,
                "iam_certificate_id": "",
                "minimum_protocol_version": "TLSv1",
                "ssl_support_method": ""
              }
            ],
            "wait_for_deployment": true,
            "web_acl_id": ""
          },
          "private": "eyJzY2hlbWFfdmVyc2lvbiI6IjEifQ==",
          "dependencies": [
            "aws_instance.myinstance1",
            "aws_key_pair.instance1key",
            "aws_s3_bucket.buck",
            "aws_s3_bucket_object.buck_obj",
            "tls_private_key.privatekey"
          ]
        }
      ]
    },
    {
      "mode": "managed",
      "type": "aws_efs_file_system",
      "name": "my_file",
      "provider": "provider.aws",
      "instances": [
        {
          "schema_version": 0,
          "attributes": {
            "arn": "arn:aws:elasticfilesystem:ap-south-1:386123244177:file-system/fs-f16bf320",
            "creation_token": "terraform-20200906090234059300000001",
            "dns_name": "fs-f16bf320.efs.ap-south-1.amazonaws.com",
            "encrypted": false,
            "id": "fs-f16bf320",
            "kms_key_id": "",
            "lifecycle_policy": [],
            "performance_mode": "generalPurpose",
            "provisioned_throughput_in_mibps": 0,
            "reference_name": null,
            "tags": {
              "Name": "my_file"
            },
            "throughput_mode": "bursting"
          },
          "private": "bnVsbA=="
        }
      ]
    },
    {
      "mode": "managed",
      "type": "aws_efs_mount_target",
      "name": "mount_tar",
      "provider": "provider.aws",
      "instances": [
        {
          "schema_version": 0,
          "attributes": {
            "availability_zone_id": "aps1-az1",
            "availability_zone_name": "ap-south-1a",
            "dns_name": "fs-f16bf320.efs.ap-south-1.amazonaws.com",
            "file_system_arn": "arn:aws:elasticfilesystem:ap-south-1:386123244177:file-system/fs-f16bf320",
            "file_system_id": "fs-f16bf320",
            "id": "fsmt-1815cac9",
            "ip_address": "172.31.37.217",
            "mount_target_dns_name": "ap-south-1a.fs-f16bf320.efs.ap-south-1.amazonaws.com",
            "network_interface_id": "eni-049cd417d32872e57",
            "owner_id": "386123244177",
            "security_groups": [
              "sg-0891ee6a"
            ],
            "subnet_id": "subnet-bbf5cfd3"
          },
          "private": "bnVsbA==",
          "dependencies": [
            "aws_efs_file_system.my_file",
            "aws_instance.myinstance1",
            "aws_key_pair.instance1key",
            "tls_private_key.privatekey"
          ]
        }
      ]
    },
    {
      "mode": "managed",
      "type": "aws_instance",
      "name": "myinstance1",
      "provider": "provider.aws",
      "instances": [
        {
          "schema_version": 1,
          "attributes": {
            "ami": "ami-0732b62d310b80e97",
            "arn": "arn:aws:ec2:ap-south-1:386123244177:instance/i-0b949806cf024b29d",
            "associate_public_ip_address": true,
            "availability_zone": "ap-south-1a",
            "cpu_core_count": 1,
            "cpu_threads_per_core": 1,
            "credit_specification": [
              {
                "cpu_credits": "standard"
              }
            ],
            "disable_api_termination": false,
            "ebs_block_device": [],
            "ebs_optimized": false,
            "ephemeral_block_device": [],
            "get_password_data": false,
            "hibernation": false,
            "host_id": null,
            "iam_instance_profile": "",
            "id": "i-0b949806cf024b29d",
            "instance_initiated_shutdown_behavior": null,
            "instance_state": "running",
            "instance_type": "t2.micro",
            "ipv6_address_count": 0,
            "ipv6_addresses": [],
            "key_name": "task2-key",
            "metadata_options": [
              {
                "http_endpoint": "enabled",
                "http_put_response_hop_limit": 1,
                "http_tokens": "optional"
              }
            ],
            "monitoring": false,
            "network_interface": [],
            "network_interface_id": null,
            "outpost_arn": "",
            "password_data": "",
            "placement_group": "",
            "primary_network_interface_id": "eni-0ce40c06b05628825",
            "private_dns": "ip-172-31-35-30.ap-south-1.compute.internal",
            "private_ip": "172.31.35.30",
            "public_dns": "ec2-13-127-231-135.ap-south-1.compute.amazonaws.com",
            "public_ip": "13.127.231.135",
            "root_block_device": [
              {
                "delete_on_termination": true,
                "device_name": "/dev/xvda",
                "encrypted": false,
                "iops": 100,
                "kms_key_id": "",
                "volume_id": "vol-0935a2b224c35f0b9",
                "volume_size": 8,
                "volume_type": "gp2"
              }
            ],
            "security_groups": [
              "Security-Group-1"
            ],
            "source_dest_check": true,
            "subnet_id": "subnet-bbf5cfd3",
            "tags": {
              "Name": "Instance1"
            },
            "tenancy": "default",
            "timeouts": null,
            "user_data": null,
            "user_data_base64": null,
            "volume_tags": {},
            "vpc_security_group_ids": [
              "sg-0f275a099a1706181"
            ]
          },
          "private": "eyJlMmJmYjczMC1lY2FhLTExZTYtOGY4OC0zNDM2M2JjN2M0YzAiOnsiY3JlYXRlIjo2MDAwMDAwMDAwMDAsImRlbGV0ZSI6MTIwMDAwMDAwMDAwMCwidXBkYXRlIjo2MDAwMDAwMDAwMDB9LCJzY2hlbWFfdmVyc2lvbiI6IjEifQ==",
          "dependencies": [
            "aws_key_pair.instance1key",
            "tls_private_key.privatekey"
          ]
        }
      ]
    },
    {
      "mode": "managed",
      "type": "aws_key_pair",
      "name": "instance1key",
      "provider": "provider.aws",
      "instances": [
        {
          "schema_version": 1,
          "attributes": {
            "arn": "arn:aws:ec2:ap-south-1:386123244177:key-pair/task2-key",
            "fingerprint": "57:f2:1d:a3:77:30:9f:a4:ff:93:30:c1:20:1e:ee:ab",
            "id": "task2-key",
            "key_name": "task2-key",
            "key_name_prefix": null,
            "key_pair_id": "key-0f191d9377a736c88",
            "public_key": "ssh-rsa AAAAB3NzaC1yc2EAAAADAQABAAACAQDMGXdvkhX08F8D8YGq3FAM040dCAUwwibFwJ5s3KvPNFdWtgrTuj7WaKQz3rYa+qT3QycDBNQq9myGL70EZiyszLH/uAKTFtoW+kMLDZ9fCuMnuU4euqqz+GOxw76yQZfWQ67V9nQQCkhw9+L/WU0T5oDXVN8UsNHgTyx66zqO7plKv5jJKGVf/5K2fCFZEOmeg4Tq/V6eWG17mEYoJwEz23tzmVsWdsFoYo9ErWcUxSB1RVpIRR512VJXfQPCA6RN0J3UXMCFZo+b6OBURw8FIXLgrV7WJF1fs8pfqQ4xfuLP/4kRrzpvUrr0BiA+iJEN1TUUG0PeH8khRf0PdNHgCFy8GmMQi8BIWIqmkNOJspnT7MzjGxZroCjyQ4EuBzhJXgTOKdq5NW8yE5cmrMjC+cxl5qDXRDoLPRrX8qQRPAJ/XmPXrSiw4pSEpkfgBZ1kIVUt/XAKEvK8dS3BPwtCb4zG1ShwXUpDAUxUDUg/rt6HMrlW4Zcbh3kkcXHpZ4uuBf2OyoHRMWbDUHNGyWrjjtY6Ab9kiFygNFCZq6zcu4vABVMrKWmObN8W/qCyXlEJAZr42NtPMXxxwG+EjSKltynob6np5r/3Yltk9gJFOUGMn8f4m6UU4JMjL1Ai6yfK7DMg/EY1/jr092UgbS0uy0/87plc8FpxBVoNUGWT6Q==",
            "tags": null
          },
          "private": "eyJzY2hlbWFfdmVyc2lvbiI6IjEifQ==",
          "dependencies": [
            "tls_private_key.privatekey"
          ]
        }
      ]
    },
    {
      "mode": "managed",
      "type": "aws_s3_bucket",
      "name": "buck",
      "provider": "provider.aws",
      "instances": [
        {
          "schema_version": 0,
          "attributes": {
            "acceleration_status": "",
            "acl": "private",
            "arn": "arn:aws:s3:::my-task2-terraform-bucket",
            "bucket": "my-task2-terraform-bucket",
            "bucket_domain_name": "my-task2-terraform-bucket.s3.amazonaws.com",
            "bucket_prefix": null,
            "bucket_regional_domain_name": "my-task2-terraform-bucket.s3.ap-south-1.amazonaws.com",
            "cors_rule": [],
            "force_destroy": true,
            "grant": [
              {
                "id": "",
                "permissions": [
                  "READ"
                ],
                "type": "Group",
                "uri": "http://acs.amazonaws.com/groups/global/AllUsers"
              }
            ],
            "hosted_zone_id": "Z11RGJOFQNVJUP",
            "id": "my-task2-terraform-bucket",
            "lifecycle_rule": [],
            "logging": [],
            "object_lock_configuration": [],
            "policy": null,
            "region": "ap-south-1",
            "replication_configuration": [],
            "request_payer": "BucketOwner",
            "server_side_encryption_configuration": [],
            "tags": {
              "Environment": "Dev",
              "Name": "My bucket"
            },
            "versioning": [
              {
                "enabled": true,
                "mfa_delete": false
              }
            ],
            "website": [],
            "website_domain": null,
            "website_endpoint": null
          },
          "private": "bnVsbA=="
        }
      ]
    },
    {
      "mode": "managed",
      "type": "aws_s3_bucket_object",
      "name": "buck_obj",
      "provider": "provider.aws",
      "instances": [
        {
          "schema_version": 0,
          "attributes": {
            "acl": "public-read",
            "bucket": "my-task2-terraform-bucket",
            "cache_control": "",
            "content": null,
            "content_base64": null,
            "content_disposition": "",
            "content_encoding": "",
            "content_language": "",
            "content_type": "binary/octet-stream",
            "etag": "e6f5832e9f3c56799455ec7bcf4b2bb6",
            "force_destroy": false,
            "id": "terraform.png",
            "key": "terraform.png",
            "kms_key_id": null,
            "metadata": null,
            "object_lock_legal_hold_status": "",
            "object_lock_mode": "",
            "object_lock_retain_until_date": "",
            "server_side_encryption": "",
            "source": "img/terraform.png",
            "storage_class": "STANDARD",
            "tags": null,
            "version_id": "bnT8kddSPoWSmW_4_V0tkCkw.QPdbgnG",
            "website_redirect": ""
          },
          "private": "bnVsbA==",
          "dependencies": [
            "aws_s3_bucket.buck"
          ]
        }
      ]
    },
    {
      "mode": "managed",
      "type": "aws_security_group",
      "name": "security-group-1",
      "provider": "provider.aws",
      "instances": [
        {
          "schema_version": 1,
          "attributes": {
            "arn": "arn:aws:ec2:ap-south-1:386123244177:security-group/sg-0f275a099a1706181",
            "description": "Allow HTTP inbound traffic",
            "egress": [
              {
                "cidr_blocks": [
                  "0.0.0.0/0"
                ],
                "description": "",
                "from_port": 0,
                "ipv6_cidr_blocks": [],
                "prefix_list_ids": [],
                "protocol": "-1",
                "security_groups": [],
                "self": false,
                "to_port": 0
              }
            ],
            "id": "sg-0f275a099a1706181",
            "ingress": [
              {
                "cidr_blocks": [
                  "0.0.0.0/0"
                ],
                "description": "HTTP from VPC",
                "from_port": 80,
                "ipv6_cidr_blocks": [],
                "prefix_list_ids": [],
                "protocol": "tcp",
                "security_groups": [],
                "self": false,
                "to_port": 80
              },
              {
                "cidr_blocks": [
                  "0.0.0.0/0"
                ],
                "description": "SSH from VPC",
                "from_port": 22,
                "ipv6_cidr_blocks": [],
                "prefix_list_ids": [],
                "protocol": "tcp",
                "security_groups": [],
                "self": false,
                "to_port": 22
              },
              {
                "cidr_blocks": [
                  "0.0.0.0/0"
                ],
                "description": "nfs from VPC",
                "from_port": 2049,
                "ipv6_cidr_blocks": [],
                "prefix_list_ids": [],
                "protocol": "tcp",
                "security_groups": [],
                "self": false,
                "to_port": 2049
              }
            ],
            "name": "Security-Group-1",
            "name_prefix": null,
            "owner_id": "386123244177",
            "revoke_rules_on_delete": false,
            "tags": {
              "Name": "Security-Group-1"
            },
            "timeouts": null,
            "vpc_id": "vpc-3fe8f557"
          },
          "private": "eyJlMmJmYjczMC1lY2FhLTExZTYtOGY4OC0zNDM2M2JjN2M0YzAiOnsiY3JlYXRlIjo2MDAwMDAwMDAwMDAsImRlbGV0ZSI6NjAwMDAwMDAwMDAwfSwic2NoZW1hX3ZlcnNpb24iOiIxIn0="
        }
      ]
    },
    {
      "mode": "managed",
      "type": "null_resource",
      "name": "local1",
      "provider": "provider.null",
      "instances": [
        {
          "schema_version": 0,
          "attributes": {
            "id": "7362746891750871241",
            "triggers": null
          },
          "private": "bnVsbA==",
          "dependencies": [
            "aws_instance.myinstance1",
            "aws_key_pair.instance1key",
            "tls_private_key.privatekey"
          ]
        }
      ]
    },
    {
      "mode": "managed",
      "type": "null_resource",
      "name": "local2",
      "provider": "provider.null",
      "instances": [
        {
          "schema_version": 0,
          "attributes": {
            "id": "721119567018516505",
            "triggers": null
          },
          "private": "bnVsbA==",
          "dependencies": [
            "aws_cloudfront_distribution.s3_distribution",
            "aws_efs_file_system.my_file",
            "aws_efs_mount_target.mount_tar",
            "aws_instance.myinstance1",
            "aws_key_pair.instance1key",
            "aws_s3_bucket.buck",
            "aws_s3_bucket_object.buck_obj",
            "null_resource.remote1",
            "tls_private_key.privatekey"
          ]
        }
      ]
    },
    {
      "mode": "managed",
      "type": "null_resource",
      "name": "remote1",
      "provider": "provider.null",
      "instances": [
        {
          "schema_version": 0,
          "attributes": {
            "id": "8330794854168998996",
            "triggers": null
          },
          "private": "bnVsbA==",
          "dependencies": [
            "aws_efs_file_system.my_file",
            "aws_efs_mount_target.mount_tar",
            "aws_instance.myinstance1",
            "aws_key_pair.instance1key",
            "tls_private_key.privatekey"
          ]
        }
      ]
    },
    {
      "mode": "managed",
      "type": "tls_private_key",
      "name": "privatekey",
      "provider": "provider.tls",
      "instances": [
        {
          "schema_version": 0,
          "attributes": {
            "algorithm": "RSA",
            "ecdsa_curve": "P224",
            "id": "ec5fcf2f8cc66b212431c83c38cf51afedd9f6c0",
            "private_key_pem": "-----BEGIN RSA PRIVATE KEY-----\nMIIJJwIBAAKCAgEAzBl3b5IV9PBfA/GBqtxQDNONHQgFMMImxcCebNyrzzRXVrYK\n07o+1mikM962Gvqk90MnAwTUKvZshi+9BGYsrMyx/7gCkxbaFvpDCw2fXwrjJ7lO\nHrqqs/hjscO+skGX1kOu1fZ0EApIcPfi/1lNE+aA11TfFLDR4E8seus6ju6ZSr+Y\nyShlX/+StnwhWRDpnoOE6v1enlhte5hGKCcBM9t7c5lbFnbBaGKPRK1nFMUgdUVa\nSEUeddlSV30DwgOkTdCd1FzAhWaPm+jgVEcPBSFy4K1e1iRdX7PKX6kOMX7iz/+J\nEa86b1K69AYgPoiRDdU1FBtD3h/JIUX9D3TR4AhcvBpjEIvASFiKppDTibKZ0+zM\n4xsWa6Ao8kOBLgc4SV4EzinauTVvMhOXJqzIwvnMZeag10Q6Cz0a1/KkETwCf15j\n160osOKUhKZH4AWdZCFVLf1wChLyvHUtwT8LQm+MxtUocF1KQwFMVA1IP67ehzK5\nVuGXG4d5JHFx6WeLrgX9jsqB0TFmw1BzRslq447WOgG/ZIhcoDRQmaus3LuLwAVT\nKylpjmzfFv6gsl5RCQGa+NjbTzF8ccBvhI0ipbcp6G+p6ea/92JbZPYCRTlBjJ/H\n+JulFOCTIy9QIusnyuwzIPxGNf469PdlIG0tLstP/O6ZXPBacQVaDVBlk+kCAwEA\nAQKCAgBabDHw+SzHHrNJwPZspzzD4fnT0djS2EFrPUIzArUPkKXdIbu8P/hU73lI\nDbRqUX9CmLqw6LPC8Pf1nzLDvyytxeZaX8CsP+SRZ4DKZdekuOMYl01X6eV05Gfu\nusVCnjLR15ye6JhU/ulHO1uTO5IdbfLI8639sbTaBtmy/4IrDuRVLHtZK492L3ll\nZas0lXybILODlIsV5iFjL3xtj5JF0khoV5n2YtifEYNdruFLX2ZY7kfoWs768TQ8\n1IMUsp5ZZ0J1cj5NG7omHc89J1otMLt/dO/eObAwlSvko7ZJEWkVM6YbcqGV7nYr\nZIdmjQSOt1XTuZygzT5DgolyDpRoPFaPXoJYH/N9MExWqT8I8abiM0U6zKhjUkbM\nGLdaQOd8/qbfrBLpBJfSVE8/EFHmmvtba/1JmqjWPJDF76q7HXdJUe3hJNRzPq1z\nZ3XHZVSqO1sVa+4e7tvrmRu7TxWLg6W4VDcSOiQAQ9UzyyJxFB1mQCKTRklcsjty\necx+EGobskRBpf72HOvQIz/ZJx4/VwIsubXd/Eq81aD91Hu5jBldbkqjU7cQGz50\n4+JSxQzG9yby0Ax0K++croO2gMUnKDM9QlX+x0VKJjAZWKfYlDjxjrFUFV/mRk4g\nWRLshyVYIC0HsFGIuKX/gv07M9r+oI0R8r9Ux4oIfuKu6haiMQKCAQEAzoaHmZNP\nljh9RyuSmMJeuR9k0M8KSBEQz1MiCuuNU653EmiqJnvb1nWUcWEGC72jBHtc4zSf\nx7S11v+9vXUly0+hjTiAwGNMyGcMeMWF9bca/3c0u0XNPiSdEn55PCcH8WKn/Z8Y\nvvAKq3RIiF+KGzcmfVCjPJnTB/5aaWMxQMMYRxno7VDWmyD59Rl58XCaDSr48hTL\nb9qtpqHGif7cVEnVJ2YjjSvWiU1i3P5digkxRQqbSg9ixt1dOf286zSjvU9Dz3my\n3p00QYW4PMDgAQi2sVwaKkGzrtwsziSuw4/NQQT6j5Nu6YXAH+Xn4BRV53LJs8R1\ncAuFhxM55hb5HQKCAQEA/P4oQX2izXO3P847zH8UBtrmygjHhINgIqWHSqM7iI7b\nWV/UdVVQrvI4EfGJgq2fLdMd6lCLP3NmnWNVznE+H7GiTQBkPbSTklHrAGrvbdNw\nW9OvrlFTCFLpG63OIKHib7Gg2S6GGYFoZeC5YuinjYxcA2e8sR/s1O6le6piOy82\nlMDkawPsXcY2sfo2Ta4s26ZxQ7LjfeDjIR8T+duDri6Ie0yHiEIp46uEun3Zkugw\nAzA8D++fEiCszTAp+PS8Vi5/Ol42QyolqYfH9hu6MlzqowCRlFR0psGQPgglN0e6\nVD5rJk1JE4mj9jwvGT/d5K/MGYBK0QCrUMDRoJ+YPQKCAQBQciavs6n0odxqtJZN\n2qh7A7eJfpxKphseJwvDpS1Pw02uZgahJu3jA7nm0BxCxoORY1wzRHRYnhOWw9ds\nzQ0DvOj40WGVjxiBl2JMSOR9ae2iRRTNPctMwYZNheZDgBCf/gXhzO8esPH3BzyZ\nol1xbHIZridnm6OQIYumMXUl/NigGX+ZsTtnAdlbl6jgWzQmnO6LnX4A+/VYSvvD\nFPtN+dSFnEuM2d6fbP1th8d31UzTz+XdW1DmlaOSyzujgsWlIBMR5h2+iQ2p2CSD\nxb17qaFARNgMTbtoCWuKgM9ybblN8lqHQq6ZV/gWdL91kXZEyXm4BHaaRmKk0uBi\nt+AhAoIBAESa93erBjcIpizbVEQEQf4J5oPrFY/NwIgksyd+VGqXssvtvMOEuzh1\n3tae1Vdmlb/rfDVKWjh+ptkPUvmEpAAcP5L6BDTnfw0ywbN/TCZQLCv6n615yDZ9\npVEoNLmMrMb1OFUs1JieCx11b1BvHuC3q0wRGY4+xg6IGMAMWE8MYpS8KjUK/1H+\nql5hJ9Cw5uE5pYViQWalUXJt5xDegjr9y20EN8yvhISEwp1/+zxnUn3K2r7HkC9u\nRO3vnbIxS9FjEoVVfwl/qG7sr0ECC+AUalyBjvjWXjvKSb9Ini77eH/X3V6pnqN5\ns8jWUT9bnmShd4uCyscak1p2r2ILZVECggEAM4pSkXAEEIq44p6V5Phowe/TayYs\nZSqlPFuHzAnOxXmzuiCzwCpEo9MQj2t1jtd0Z1F/HvuhCx3hh1Qa/L0zaSCos4L1\nPxb5oiU1VTvIl3IcuYR/X50LXyQl0m3F7VULHrJ97kVptB4qMoKHaQ09WNbPyyhY\nhHmBYkbkJWmpauI5TW+psK1sW5aBWSRGHBZWP/HZa7I8EFsHvcgm1zaG/aVoCkrJ\n83HxXPg58hc1+kAXxXRsKfzQPSn2Fb9fyfvnQJWHFDl7v4r0b5cgmp5/tps6y5iU\nlXVzjLHWDmc6gRRuL8OWewf3FdPTNc05w2vMq1an/oG5tLEQPbQPtEAOyw==\n-----END RSA PRIVATE KEY-----\n",
            "public_key_fingerprint_md5": "f3:d8:91:f8:4b:c9:d4:a2:f7:27:ef:e6:a2:00:00:74",
            "public_key_openssh": "ssh-rsa AAAAB3NzaC1yc2EAAAADAQABAAACAQDMGXdvkhX08F8D8YGq3FAM040dCAUwwibFwJ5s3KvPNFdWtgrTuj7WaKQz3rYa+qT3QycDBNQq9myGL70EZiyszLH/uAKTFtoW+kMLDZ9fCuMnuU4euqqz+GOxw76yQZfWQ67V9nQQCkhw9+L/WU0T5oDXVN8UsNHgTyx66zqO7plKv5jJKGVf/5K2fCFZEOmeg4Tq/V6eWG17mEYoJwEz23tzmVsWdsFoYo9ErWcUxSB1RVpIRR512VJXfQPCA6RN0J3UXMCFZo+b6OBURw8FIXLgrV7WJF1fs8pfqQ4xfuLP/4kRrzpvUrr0BiA+iJEN1TUUG0PeH8khRf0PdNHgCFy8GmMQi8BIWIqmkNOJspnT7MzjGxZroCjyQ4EuBzhJXgTOKdq5NW8yE5cmrMjC+cxl5qDXRDoLPRrX8qQRPAJ/XmPXrSiw4pSEpkfgBZ1kIVUt/XAKEvK8dS3BPwtCb4zG1ShwXUpDAUxUDUg/rt6HMrlW4Zcbh3kkcXHpZ4uuBf2OyoHRMWbDUHNGyWrjjtY6Ab9kiFygNFCZq6zcu4vABVMrKWmObN8W/qCyXlEJAZr42NtPMXxxwG+EjSKltynob6np5r/3Yltk9gJFOUGMn8f4m6UU4JMjL1Ai6yfK7DMg/EY1/jr092UgbS0uy0/87plc8FpxBVoNUGWT6Q==\n",
            "public_key_pem": "-----BEGIN PUBLIC KEY-----\nMIICIjANBgkqhkiG9w0BAQEFAAOCAg8AMIICCgKCAgEAzBl3b5IV9PBfA/GBqtxQ\nDNONHQgFMMImxcCebNyrzzRXVrYK07o+1mikM962Gvqk90MnAwTUKvZshi+9BGYs\nrMyx/7gCkxbaFvpDCw2fXwrjJ7lOHrqqs/hjscO+skGX1kOu1fZ0EApIcPfi/1lN\nE+aA11TfFLDR4E8seus6ju6ZSr+YyShlX/+StnwhWRDpnoOE6v1enlhte5hGKCcB\nM9t7c5lbFnbBaGKPRK1nFMUgdUVaSEUeddlSV30DwgOkTdCd1FzAhWaPm+jgVEcP\nBSFy4K1e1iRdX7PKX6kOMX7iz/+JEa86b1K69AYgPoiRDdU1FBtD3h/JIUX9D3TR\n4AhcvBpjEIvASFiKppDTibKZ0+zM4xsWa6Ao8kOBLgc4SV4EzinauTVvMhOXJqzI\nwvnMZeag10Q6Cz0a1/KkETwCf15j160osOKUhKZH4AWdZCFVLf1wChLyvHUtwT8L\nQm+MxtUocF1KQwFMVA1IP67ehzK5VuGXG4d5JHFx6WeLrgX9jsqB0TFmw1BzRslq\n447WOgG/ZIhcoDRQmaus3LuLwAVTKylpjmzfFv6gsl5RCQGa+NjbTzF8ccBvhI0i\npbcp6G+p6ea/92JbZPYCRTlBjJ/H+JulFOCTIy9QIusnyuwzIPxGNf469PdlIG0t\nLstP/O6ZXPBacQVaDVBlk+kCAwEAAQ==\n-----END PUBLIC KEY-----\n",
            "rsa_bits": 4096
          },
          "private": "bnVsbA=="
        }
      ]
    }
  ]
}
