{
  "version": 4,
  "terraform_version": "0.12.26",
  "serial": 75,
  "lineage": "7ba90aec-09a8-5d0a-ca04-29b8a1dab2bd",
  "outputs": {},
  "resources": [
    {
      "mode": "managed",
      "type": "aws_instance",
      "name": "instance1",
      "provider": "provider.aws",
      "instances": [
        {
          "schema_version": 1,
          "attributes": {
            "ami": "ami-000cbce3e1b899ebd",
            "arn": "arn:aws:ec2:ap-south-1:386123244177:instance/i-06b186f1f855f0191",
            "associate_public_ip_address": true,
            "availability_zone": "ap-south-1a",
            "cpu_core_count": 1,
            "cpu_threads_per_core": 1,
            "credit_specification": [
              {
                "cpu_credits": "standard"
              }
            ],
            "disable_api_termination": false,
            "ebs_block_device": [],
            "ebs_optimized": false,
            "ephemeral_block_device": [],
            "get_password_data": false,
            "hibernation": false,
            "host_id": null,
            "iam_instance_profile": "",
            "id": "i-06b186f1f855f0191",
            "instance_initiated_shutdown_behavior": null,
            "instance_state": "running",
            "instance_type": "t2.micro",
            "ipv6_address_count": 0,
            "ipv6_addresses": [],
            "key_name": "My-Key",
            "metadata_options": [
              {
                "http_endpoint": "enabled",
                "http_put_response_hop_limit": 1,
                "http_tokens": "optional"
              }
            ],
            "monitoring": false,
            "network_interface": [],
            "outpost_arn": "",
            "password_data": "",
            "placement_group": "",
            "primary_network_interface_id": "eni-084391192968cfdaa",
            "private_dns": "ip-192-168-0-92.ap-south-1.compute.internal",
            "private_ip": "192.168.0.92",
            "public_dns": "ec2-13-235-135-40.ap-south-1.compute.amazonaws.com",
            "public_ip": "13.235.135.40",
            "root_block_device": [
              {
                "delete_on_termination": true,
                "device_name": "/dev/xvda",
                "encrypted": false,
                "iops": 100,
                "kms_key_id": "",
                "volume_id": "vol-0bbe5d879d72ce631",
                "volume_size": 10,
                "volume_type": "gp2"
              }
            ],
            "secondary_private_ips": [],
            "security_groups": [],
            "source_dest_check": true,
            "subnet_id": "subnet-021ab0d5746014766",
            "tags": {
              "Name": "WordPress-Instance"
            },
            "tenancy": "default",
            "timeouts": null,
            "user_data": null,
            "user_data_base64": null,
            "volume_tags": {},
            "vpc_security_group_ids": [
              "sg-06a5d580688d6f598"
            ]
          },
          "private": "eyJlMmJmYjczMC1lY2FhLTExZTYtOGY4OC0zNDM2M2JjN2M0YzAiOnsiY3JlYXRlIjo2MDAwMDAwMDAwMDAsImRlbGV0ZSI6MTIwMDAwMDAwMDAwMCwidXBkYXRlIjo2MDAwMDAwMDAwMDB9LCJzY2hlbWFfdmVyc2lvbiI6IjEifQ==",
          "dependencies": [
            "aws_key_pair.MyKey",
            "aws_security_group.group1",
            "aws_subnet.public_sub",
            "aws_vpc.vpc1",
            "tls_private_key.privateKey"
          ]
        }
      ]
    },
    {
      "mode": "managed",
      "type": "aws_instance",
      "name": "instance2",
      "provider": "provider.aws",
      "instances": [
        {
          "schema_version": 1,
          "attributes": {
            "ami": "ami-08706cb5f68222d09",
            "arn": "arn:aws:ec2:ap-south-1:386123244177:instance/i-0a5ceeb0e42efad52",
            "associate_public_ip_address": false,
            "availability_zone": "ap-south-1b",
            "cpu_core_count": 1,
            "cpu_threads_per_core": 1,
            "credit_specification": [
              {
                "cpu_credits": "standard"
              }
            ],
            "disable_api_termination": false,
            "ebs_block_device": [],
            "ebs_optimized": false,
            "ephemeral_block_device": [],
            "get_password_data": false,
            "hibernation": false,
            "host_id": null,
            "iam_instance_profile": "",
            "id": "i-0a5ceeb0e42efad52",
            "instance_initiated_shutdown_behavior": null,
            "instance_state": "running",
            "instance_type": "t2.micro",
            "ipv6_address_count": 0,
            "ipv6_addresses": [],
            "key_name": "My-Key",
            "metadata_options": [
              {
                "http_endpoint": "enabled",
                "http_put_response_hop_limit": 1,
                "http_tokens": "optional"
              }
            ],
            "monitoring": false,
            "network_interface": [],
            "outpost_arn": "",
            "password_data": "",
            "placement_group": "",
            "primary_network_interface_id": "eni-03ad03d60763a78b7",
            "private_dns": "ip-192-168-1-196.ap-south-1.compute.internal",
            "private_ip": "192.168.1.196",
            "public_dns": "",
            "public_ip": "",
            "root_block_device": [
              {
                "delete_on_termination": true,
                "device_name": "/dev/xvda",
                "encrypted": false,
                "iops": 100,
                "kms_key_id": "",
                "volume_id": "vol-05e56d32e02beb172",
                "volume_size": 8,
                "volume_type": "gp2"
              }
            ],
            "secondary_private_ips": [],
            "security_groups": [],
            "source_dest_check": true,
            "subnet_id": "subnet-03ad563964868d270",
            "tags": {
              "Name": "Mysql-Instance"
            },
            "tenancy": "default",
            "timeouts": null,
            "user_data": null,
            "user_data_base64": null,
            "volume_tags": {},
            "vpc_security_group_ids": [
              "sg-0f5a96a1049bb075d"
            ]
          },
          "private": "eyJlMmJmYjczMC1lY2FhLTExZTYtOGY4OC0zNDM2M2JjN2M0YzAiOnsiY3JlYXRlIjo2MDAwMDAwMDAwMDAsImRlbGV0ZSI6MTIwMDAwMDAwMDAwMCwidXBkYXRlIjo2MDAwMDAwMDAwMDB9LCJzY2hlbWFfdmVyc2lvbiI6IjEifQ==",
          "dependencies": [
            "aws_key_pair.MyKey",
            "aws_security_group.group1",
            "aws_security_group.newgrp2",
            "aws_subnet.private_sub",
            "aws_vpc.vpc1",
            "tls_private_key.privateKey"
          ]
        }
      ]
    },
    {
      "mode": "managed",
      "type": "aws_internet_gateway",
      "name": "gateway",
      "provider": "provider.aws",
      "instances": [
        {
          "schema_version": 0,
          "attributes": {
            "arn": "arn:aws:ec2:ap-south-1:386123244177:internet-gateway/igw-0f37c14bb060967a2",
            "id": "igw-0f37c14bb060967a2",
            "owner_id": "386123244177",
            "tags": {
              "Name": "task-3-internet-gateway"
            },
            "vpc_id": "vpc-0eeaec37d2569275b"
          },
          "private": "bnVsbA==",
          "dependencies": [
            "aws_vpc.vpc1"
          ]
        }
      ]
    },
    {
      "mode": "managed",
      "type": "aws_key_pair",
      "name": "MyKey",
      "provider": "provider.aws",
      "instances": [
        {
          "schema_version": 1,
          "attributes": {
            "arn": "arn:aws:ec2:ap-south-1:386123244177:key-pair/My-Key",
            "fingerprint": "9c:6d:66:09:38:92:28:fc:d8:5e:e2:46:f1:b6:95:36",
            "id": "My-Key",
            "key_name": "My-Key",
            "key_name_prefix": null,
            "key_pair_id": "key-00f58795e06367c44",
            "public_key": "ssh-rsa AAAAB3NzaC1yc2EAAAADAQABAAACAQC+9u+1FXhbtyjI4GogwvmsBkJII1KAfoW/5S5MiVRuZImQk3Bgt3OEWgc849G64XYA7XHNuPV1lrnzrAywxVbk2/T5mjVykBadN4HnaIopY2fzj7dtXNpdqn5DqRFYtUMcVlbDQbk0pc3ufT2iTPcl31n2L3pbyp2Aia/E4LMwZmwg70eU3QdVnal6aIoCt+QElAhLIlDGKd2YxrgCqioUqNWJd5ENfy7mhvhlM7jeaaT9ZjfNSjT5+DMins7v4a/NyE4FbOhRsKCGkOG+aIJYmMDAOcGObZ477QdW+TrhFaaQ0N2i62qt87JiEzr0pQmhqU3sc5DKIhm9LgF0oCx6adNKg0RSGZ/nbpBWhAUfYAdrgxYam9gXf+gAK0hBShX5CoJw1tZXiw6KHVBWxVnDM7acuErR0Amna4XpdJo5IBVFax0ixqpNE+Iy0BSnhKCZyETYza90SJCrB9e14Qoau5viXsv+upJp1+6vguyRed/rhPMhkHowhFtDEhrNS9IVe5f7l+hMPJOQSJ40uDw+0+T/kYdH3gRO7qf3PZIwBMwsTgnlpHxTf3O5pBDw9Mv1ECxdASCgZIPdRe6PbtZ2pL74l/SwN5SaiIO35T9dyvqu5p0++aQdk11ueLwPr3GHmadDwhwfTCY8MVnnjpD4CAiWOiThBQb4HsGaOnXtfQ==",
            "tags": null
          },
          "private": "eyJzY2hlbWFfdmVyc2lvbiI6IjEifQ==",
          "dependencies": [
            "tls_private_key.privateKey"
          ]
        }
      ]
    },
    {
      "mode": "managed",
      "type": "aws_route_table",
      "name": "route",
      "provider": "provider.aws",
      "instances": [
        {
          "schema_version": 0,
          "attributes": {
            "id": "rtb-0ff3c2d6393b725be",
            "owner_id": "386123244177",
            "propagating_vgws": [],
            "route": [
              {
                "cidr_block": "0.0.0.0/0",
                "egress_only_gateway_id": "",
                "gateway_id": "igw-0f37c14bb060967a2",
                "instance_id": "",
                "ipv6_cidr_block": "",
                "local_gateway_id": "",
                "nat_gateway_id": "",
                "network_interface_id": "",
                "transit_gateway_id": "",
                "vpc_peering_connection_id": ""
              }
            ],
            "tags": {
              "Name": "myroute"
            },
            "vpc_id": "vpc-0eeaec37d2569275b"
          },
          "private": "bnVsbA==",
          "dependencies": [
            "aws_internet_gateway.gateway",
            "aws_vpc.vpc1"
          ]
        }
      ]
    },
    {
      "mode": "managed",
      "type": "aws_route_table_association",
      "name": "route_ass",
      "provider": "provider.aws",
      "instances": [
        {
          "schema_version": 0,
          "attributes": {
            "gateway_id": null,
            "id": "rtbassoc-0f66f255933afa21f",
            "route_table_id": "rtb-0ff3c2d6393b725be",
            "subnet_id": "subnet-021ab0d5746014766"
          },
          "private": "bnVsbA==",
          "dependencies": [
            "aws_internet_gateway.gateway",
            "aws_route_table.route",
            "aws_subnet.public_sub",
            "aws_vpc.vpc1"
          ]
        }
      ]
    },
    {
      "mode": "managed",
      "type": "aws_security_group",
      "name": "group1",
      "provider": "provider.aws",
      "instances": [
        {
          "schema_version": 1,
          "attributes": {
            "arn": "arn:aws:ec2:ap-south-1:386123244177:security-group/sg-06a5d580688d6f598",
            "description": "Allow HTTP inbound traffic",
            "egress": [
              {
                "cidr_blocks": [
                  "0.0.0.0/0"
                ],
                "description": "",
                "from_port": 0,
                "ipv6_cidr_blocks": [],
                "prefix_list_ids": [],
                "protocol": "-1",
                "security_groups": [],
                "self": false,
                "to_port": 0
              }
            ],
            "id": "sg-06a5d580688d6f598",
            "ingress": [
              {
                "cidr_blocks": [
                  "0.0.0.0/0"
                ],
                "description": "HTTP from VPC",
                "from_port": 80,
                "ipv6_cidr_blocks": [],
                "prefix_list_ids": [],
                "protocol": "tcp",
                "security_groups": [],
                "self": false,
                "to_port": 80
              },
              {
                "cidr_blocks": [
                  "0.0.0.0/0"
                ],
                "description": "SSH from VPC",
                "from_port": 22,
                "ipv6_cidr_blocks": [],
                "prefix_list_ids": [],
                "protocol": "tcp",
                "security_groups": [],
                "self": false,
                "to_port": 22
              }
            ],
            "name": "Security-Group-1",
            "name_prefix": "",
            "owner_id": "386123244177",
            "revoke_rules_on_delete": false,
            "tags": {
              "Name": "Security-Group-1"
            },
            "timeouts": null,
            "vpc_id": "vpc-0eeaec37d2569275b"
          },
          "private": "eyJlMmJmYjczMC1lY2FhLTExZTYtOGY4OC0zNDM2M2JjN2M0YzAiOnsiY3JlYXRlIjo2MDAwMDAwMDAwMDAsImRlbGV0ZSI6NjAwMDAwMDAwMDAwfSwic2NoZW1hX3ZlcnNpb24iOiIxIn0=",
          "dependencies": [
            "aws_vpc.vpc1"
          ]
        }
      ]
    },
    {
      "mode": "managed",
      "type": "aws_security_group",
      "name": "newgrp2",
      "provider": "provider.aws",
      "instances": [
        {
          "schema_version": 1,
          "attributes": {
            "arn": "arn:aws:ec2:ap-south-1:386123244177:security-group/sg-0f5a96a1049bb075d",
            "description": "Allow Mysql inbound traffic",
            "egress": [
              {
                "cidr_blocks": [
                  "0.0.0.0/0"
                ],
                "description": "",
                "from_port": 0,
                "ipv6_cidr_blocks": [],
                "prefix_list_ids": [],
                "protocol": "-1",
                "security_groups": [],
                "self": false,
                "to_port": 0
              }
            ],
            "id": "sg-0f5a96a1049bb075d",
            "ingress": [
              {
                "cidr_blocks": [],
                "description": "HTTP from VPC",
                "from_port": 3306,
                "ipv6_cidr_blocks": [],
                "prefix_list_ids": [],
                "protocol": "tcp",
                "security_groups": [
                  "sg-06a5d580688d6f598"
                ],
                "self": false,
                "to_port": 3306
              }
            ],
            "name": "Security-Group-2",
            "name_prefix": "",
            "owner_id": "386123244177",
            "revoke_rules_on_delete": false,
            "tags": {
              "Name": "Security-Group-2"
            },
            "timeouts": null,
            "vpc_id": "vpc-0eeaec37d2569275b"
          },
          "private": "eyJlMmJmYjczMC1lY2FhLTExZTYtOGY4OC0zNDM2M2JjN2M0YzAiOnsiY3JlYXRlIjo2MDAwMDAwMDAwMDAsImRlbGV0ZSI6NjAwMDAwMDAwMDAwfSwic2NoZW1hX3ZlcnNpb24iOiIxIn0=",
          "dependencies": [
            "aws_security_group.group1",
            "aws_vpc.vpc1"
          ]
        }
      ]
    },
    {
      "mode": "managed",
      "type": "aws_subnet",
      "name": "private_sub",
      "provider": "provider.aws",
      "instances": [
        {
          "schema_version": 1,
          "attributes": {
            "arn": "arn:aws:ec2:ap-south-1:386123244177:subnet/subnet-03ad563964868d270",
            "assign_ipv6_address_on_creation": false,
            "availability_zone": "ap-south-1b",
            "availability_zone_id": "aps1-az3",
            "cidr_block": "192.168.1.0/24",
            "id": "subnet-03ad563964868d270",
            "ipv6_cidr_block": "",
            "ipv6_cidr_block_association_id": "",
            "map_public_ip_on_launch": false,
            "outpost_arn": "",
            "owner_id": "386123244177",
            "tags": {
              "Name": "subnet2"
            },
            "timeouts": null,
            "vpc_id": "vpc-0eeaec37d2569275b"
          },
          "private": "eyJlMmJmYjczMC1lY2FhLTExZTYtOGY4OC0zNDM2M2JjN2M0YzAiOnsiY3JlYXRlIjo2MDAwMDAwMDAwMDAsImRlbGV0ZSI6MTIwMDAwMDAwMDAwMH0sInNjaGVtYV92ZXJzaW9uIjoiMSJ9",
          "dependencies": [
            "aws_vpc.vpc1"
          ]
        }
      ]
    },
    {
      "mode": "managed",
      "type": "aws_subnet",
      "name": "public_sub",
      "provider": "provider.aws",
      "instances": [
        {
          "schema_version": 1,
          "attributes": {
            "arn": "arn:aws:ec2:ap-south-1:386123244177:subnet/subnet-021ab0d5746014766",
            "assign_ipv6_address_on_creation": false,
            "availability_zone": "ap-south-1a",
            "availability_zone_id": "aps1-az1",
            "cidr_block": "192.168.0.0/24",
            "id": "subnet-021ab0d5746014766",
            "ipv6_cidr_block": "",
            "ipv6_cidr_block_association_id": "",
            "map_public_ip_on_launch": true,
            "outpost_arn": "",
            "owner_id": "386123244177",
            "tags": {
              "Name": "subnet1"
            },
            "timeouts": null,
            "vpc_id": "vpc-0eeaec37d2569275b"
          },
          "private": "eyJlMmJmYjczMC1lY2FhLTExZTYtOGY4OC0zNDM2M2JjN2M0YzAiOnsiY3JlYXRlIjo2MDAwMDAwMDAwMDAsImRlbGV0ZSI6MTIwMDAwMDAwMDAwMH0sInNjaGVtYV92ZXJzaW9uIjoiMSJ9",
          "dependencies": [
            "aws_vpc.vpc1"
          ]
        }
      ]
    },
    {
      "mode": "managed",
      "type": "aws_vpc",
      "name": "vpc1",
      "provider": "provider.aws",
      "instances": [
        {
          "schema_version": 1,
          "attributes": {
            "arn": "arn:aws:ec2:ap-south-1:386123244177:vpc/vpc-0eeaec37d2569275b",
            "assign_generated_ipv6_cidr_block": false,
            "cidr_block": "192.168.0.0/16",
            "default_network_acl_id": "acl-0982ee9c72dd04c18",
            "default_route_table_id": "rtb-0f1107e6c781d5c2f",
            "default_security_group_id": "sg-010983db4b82029c4",
            "dhcp_options_id": "dopt-a35ea6c8",
            "enable_classiclink": null,
            "enable_classiclink_dns_support": null,
            "enable_dns_hostnames": true,
            "enable_dns_support": true,
            "id": "vpc-0eeaec37d2569275b",
            "instance_tenancy": "default",
            "ipv6_association_id": "",
            "ipv6_cidr_block": "",
            "main_route_table_id": "rtb-0f1107e6c781d5c2f",
            "owner_id": "386123244177",
            "tags": {
              "Name": "VPC-1"
            }
          },
          "private": "eyJzY2hlbWFfdmVyc2lvbiI6IjEifQ=="
        }
      ]
    },
    {
      "mode": "managed",
      "type": "local_file",
      "name": "local1",
      "provider": "provider.local",
      "instances": [
        {
          "schema_version": 0,
          "attributes": {
            "content": "-----BEGIN RSA PRIVATE KEY-----\nMIIJKQIBAAKCAgEAvvbvtRV4W7coyOBqIML5rAZCSCNSgH6Fv+UuTIlUbmSJkJNw\nYLdzhFoHPOPRuuF2AO1xzbj1dZa586wMsMVW5Nv0+Zo1cpAWnTeB52iKKWNn84+3\nbVzaXap+Q6kRWLVDHFZWw0G5NKXN7n09okz3Jd9Z9i96W8qdgImvxOCzMGZsIO9H\nlN0HVZ2pemiKArfkBJQISyJQxindmMa4AqoqFKjViXeRDX8u5ob4ZTO43mmk/WY3\nzUo0+fgzIp7O7+GvzchOBWzoUbCghpDhvmiCWJjAwDnBjm2eO+0HVvk64RWmkNDd\noutqrfOyYhM69KUJoalN7HOQyiIZvS4BdKAsemnTSoNEUhmf526QVoQFH2AHa4MW\nGpvYF3/oACtIQUoV+QqCcNbWV4sOih1QVsVZwzO2nLhK0dAJp2uF6XSaOSAVRWsd\nIsaqTRPiMtAUp4SgmchE2M2vdEiQqwfXteEKGrub4l7L/rqSadfur4LskXnf64Tz\nIZB6MIRbQxIazUvSFXuX+5foTDyTkEieNLg8PtPk/5GHR94ETu6n9z2SMATMLE4J\n5aR8U39zuaQQ8PTL9RAsXQEgoGSD3UXuj27WdqS++Jf0sDeUmoiDt+U/Xcr6ruad\nPvmkHZNdbni8D69xh5mnQ8IcH0wmPDFZ546Q+AgIljok4QUG+B7Bmjp17X0CAwEA\nAQKCAgBChqYlUJB4awtjR4LRXPs7qYaHuP5x0yHnIwEJGsJ2HsIpwqNgnig5EF/7\nH2aeExNX6WA/CdNBHrwzHlnhby4BVns2RTmfaoDmTkMMCcgv+PhqykNdbv6HqPCJ\nw6lOXP8/LPjW1tudcrGWBr1lACkNYYzmjc2zkpdiAxVfoePq1ZOPuawXORToB5/W\nC/sgTU27JpLpEdBP6J/RLFFIZF16iwKw/B1lNUxydMyt/OHHYchfmq+P7e0ctBGk\nWuy+dsIXD1PW4gThCIYzut9ZxPC7yqNDlBtQ8fEw8TcgXnzbkv5O7uR3cEnexcn8\nDrT4K1J6pg+GcxAaytxqok9RgMddVodKEmR8M5nkYVp+pB3ra6+srz9co2wClhSV\nrpSgbRySD70ynHuiVF0qu2miJS/XcHuq7DnDzaXG81mGCN+wwTMiGruvrhFtv1Bd\nmf1EaevGNrvOlo5o5zqSX6ZEFEQRcO0OlfuPv2EbZ3FMb2iVSykqpHo1SHELRSwA\n3Ahaf3QeaCFlob00hPNSNyuLx02M/2T2N9DmjcPqa7o7yQrjZgeIZ8GQRxPIGdLe\nJJdfsbOqVvON7w3GT5kzAAdg6DqzpKdc4DWtGdBK3k2uo4+Siey5os2N/xQjaU1+\ncKcV32eVpeEOLewirdC9cqCWXMAZ3XVb9Fky/3MyfwfRwLDupQKCAQEA+/znfkfa\nSQZoswScNtUA8OteecQpyRqgxGad1q/DlCzkkCBAFchLTIpt1FLpYGGcJIGwIn5g\nX4ARnFlpsMgf21tLcFPHutBEAR9x6re/vTjZnDH2XqAzfJ8c2S8nqfW+xq5/3zjL\nzMXt3wyG/KN4XKMV+wJhBGQ1WeU+v2p6g0maEb9MtlM6om1YlL/P/0D+6I1QehG5\n3yGJGHGNKxA9RRraDiqq11B/HE0zBYcLc/qGjZoe/5nAVCoypGHJvjFUaCZmqx1+\nXQ77UkWM9VrsCTaRIo+QrVWwvjtgulfpi2gDl2D8EIp7t5emi9guT4cMqKAOdC38\nCzsbCHoUgLlk+wKCAQEAwgFNgXE7Uhhvhnc4NBZeQwfolZpr9CLFhiFkzn9/Yl0e\nnGlc25ToFTayMa+DrSKeptkHz6NKrvbE21taaRnPEw4O3AJ6+NKDgk3+zEgC6W8g\nkCjB0qbj5Chvd8Uj2wVFIKP3+d8inWpoemf2Wbbf/7tFq8srYC8Z4BgwB7qIRUqT\n4IZwkerBF6JAgqiHEbRv9KZNKUwnHEqzz3/8teSx09Tn6kBPWO1cah0vmkWhLr9V\nbmaMEBWZZX6mowDZHXKN2nj0g1r5wBbDqHkRwBb33jAIjnQ5cS8Or0px9lk4yD5t\nqvDwR1imDxMmnO20B0tq9+Z0+9+8byLozUfFf5Q95wKCAQEAkai4O8PXBx1ASjLh\nBcUMnTbAzsw4hznwMndKx72j5TQqDrHFuZGlDSJ7qB8hLgheVK/um5HHrYx/IYyB\nzqFv4MGeEtkq++7FUIzXsaDzobKJ/4LV8g7SlDf5WgWq/NDDrV9TJTpUfBLxlFxO\nbx0jRxEydH0EjaBLQqKEKeun09ooyBd3hXEI1Lk2Wg2ict8kOlLtcRJsCfH9qHaC\n7qCdeiOyZjv9syahwz9QveI5GZp4SsQLJR7AESavTVwFXP5w1x9Te5g54hr15bG0\ncGNVS2ISdRLdw4Rj/SKfoDePFXlTkh6KthkGuLJdoDqfUnMzOwoCMOAf8HIDB1xi\nG6KPHwKCAQA6TsvtmIucq+1w+4nv1b005j6YIBZMBNta6dRzX8x4UsZtehlHgaST\nI6JA3qBzu9D1EouPc2Nx3Ibj6rvslK4w6uu6YiB1gke2NRzcZtRBNn4R9b3zQueB\nXknKNH0HSbkyCzXvaonrx9xo1bAr3JPMN4vEC0cZHG7pdDuTRxPHx5dURvO0V1r7\ncG91FZOq1ZFEdWsBe3rRvP334l6giICNyxJ8zCFM9+HrnqP8+Opts2HI0ZdNCkDV\nSVBp80pN2G0b+Xh7ti8T9YOOsfyMwBp1M/iOYA4Xn24JbxV7VeuD+4dYdhuxRcp7\nA2V6itKt0pPut9v3C5KF0Hcpo2WPZ42HAoIBAQCPzArN80k/sxAZ9t9t2LsHC37r\n5PBbnGjr6dAXirWwhL3Fdq0yX2h+qRm9Oksvwu5R3nsXa+L3P6mqEAYdqkGUiRy4\n+L7jRERuDKbybKJioId/xSflTjZZ9U+8ulK/3LKDkVueNo68sc7N79b2zzpEtWDV\n0eD4j+jxVX23cqPt2p6gwrUTi/DeZnh0pkBcsGxd8c2y4UKRd/m6Kitp8nE1v/FW\nqlHxx4ZaIZlvb9rrlT7MWlU98x6ITXTz+girY1eayWKHAfnwTNSSRePa8HKeUONF\nOiBcvyz8gYZiuLPuW6tL0POBTfKTiAvtsENksPS6HmftrzswYlJS4JZXwDCh\n-----END RSA PRIVATE KEY-----\n",
            "content_base64": null,
            "directory_permission": "0777",
            "file_permission": "0777",
            "filename": "Hybrid-Key.pem",
            "id": "d02a2d6c2cfccc6e58f283018c83a7a500d95e03",
            "sensitive_content": null
          },
          "private": "bnVsbA==",
          "dependencies": [
            "tls_private_key.privateKey"
          ]
        }
      ]
    },
    {
      "mode": "managed",
      "type": "null_resource",
      "name": "local2",
      "provider": "provider.null",
      "instances": [
        {
          "schema_version": 0,
          "attributes": {
            "id": "767809486606932113",
            "triggers": null
          },
          "private": "bnVsbA==",
          "dependencies": [
            "aws_instance.instance1",
            "aws_instance.instance2",
            "aws_key_pair.MyKey",
            "aws_security_group.group1",
            "aws_security_group.newgrp2",
            "aws_subnet.private_sub",
            "aws_subnet.public_sub",
            "aws_vpc.vpc1",
            "tls_private_key.privateKey"
          ]
        }
      ]
    },
    {
      "mode": "managed",
      "type": "tls_private_key",
      "name": "privateKey",
      "provider": "provider.tls",
      "instances": [
        {
          "schema_version": 0,
          "attributes": {
            "algorithm": "RSA",
            "ecdsa_curve": "P224",
            "id": "b4974e655991dfec967cb1bb9fee49ccab0aaf4e",
            "private_key_pem": "-----BEGIN RSA PRIVATE KEY-----\nMIIJKQIBAAKCAgEAvvbvtRV4W7coyOBqIML5rAZCSCNSgH6Fv+UuTIlUbmSJkJNw\nYLdzhFoHPOPRuuF2AO1xzbj1dZa586wMsMVW5Nv0+Zo1cpAWnTeB52iKKWNn84+3\nbVzaXap+Q6kRWLVDHFZWw0G5NKXN7n09okz3Jd9Z9i96W8qdgImvxOCzMGZsIO9H\nlN0HVZ2pemiKArfkBJQISyJQxindmMa4AqoqFKjViXeRDX8u5ob4ZTO43mmk/WY3\nzUo0+fgzIp7O7+GvzchOBWzoUbCghpDhvmiCWJjAwDnBjm2eO+0HVvk64RWmkNDd\noutqrfOyYhM69KUJoalN7HOQyiIZvS4BdKAsemnTSoNEUhmf526QVoQFH2AHa4MW\nGpvYF3/oACtIQUoV+QqCcNbWV4sOih1QVsVZwzO2nLhK0dAJp2uF6XSaOSAVRWsd\nIsaqTRPiMtAUp4SgmchE2M2vdEiQqwfXteEKGrub4l7L/rqSadfur4LskXnf64Tz\nIZB6MIRbQxIazUvSFXuX+5foTDyTkEieNLg8PtPk/5GHR94ETu6n9z2SMATMLE4J\n5aR8U39zuaQQ8PTL9RAsXQEgoGSD3UXuj27WdqS++Jf0sDeUmoiDt+U/Xcr6ruad\nPvmkHZNdbni8D69xh5mnQ8IcH0wmPDFZ546Q+AgIljok4QUG+B7Bmjp17X0CAwEA\nAQKCAgBChqYlUJB4awtjR4LRXPs7qYaHuP5x0yHnIwEJGsJ2HsIpwqNgnig5EF/7\nH2aeExNX6WA/CdNBHrwzHlnhby4BVns2RTmfaoDmTkMMCcgv+PhqykNdbv6HqPCJ\nw6lOXP8/LPjW1tudcrGWBr1lACkNYYzmjc2zkpdiAxVfoePq1ZOPuawXORToB5/W\nC/sgTU27JpLpEdBP6J/RLFFIZF16iwKw/B1lNUxydMyt/OHHYchfmq+P7e0ctBGk\nWuy+dsIXD1PW4gThCIYzut9ZxPC7yqNDlBtQ8fEw8TcgXnzbkv5O7uR3cEnexcn8\nDrT4K1J6pg+GcxAaytxqok9RgMddVodKEmR8M5nkYVp+pB3ra6+srz9co2wClhSV\nrpSgbRySD70ynHuiVF0qu2miJS/XcHuq7DnDzaXG81mGCN+wwTMiGruvrhFtv1Bd\nmf1EaevGNrvOlo5o5zqSX6ZEFEQRcO0OlfuPv2EbZ3FMb2iVSykqpHo1SHELRSwA\n3Ahaf3QeaCFlob00hPNSNyuLx02M/2T2N9DmjcPqa7o7yQrjZgeIZ8GQRxPIGdLe\nJJdfsbOqVvON7w3GT5kzAAdg6DqzpKdc4DWtGdBK3k2uo4+Siey5os2N/xQjaU1+\ncKcV32eVpeEOLewirdC9cqCWXMAZ3XVb9Fky/3MyfwfRwLDupQKCAQEA+/znfkfa\nSQZoswScNtUA8OteecQpyRqgxGad1q/DlCzkkCBAFchLTIpt1FLpYGGcJIGwIn5g\nX4ARnFlpsMgf21tLcFPHutBEAR9x6re/vTjZnDH2XqAzfJ8c2S8nqfW+xq5/3zjL\nzMXt3wyG/KN4XKMV+wJhBGQ1WeU+v2p6g0maEb9MtlM6om1YlL/P/0D+6I1QehG5\n3yGJGHGNKxA9RRraDiqq11B/HE0zBYcLc/qGjZoe/5nAVCoypGHJvjFUaCZmqx1+\nXQ77UkWM9VrsCTaRIo+QrVWwvjtgulfpi2gDl2D8EIp7t5emi9guT4cMqKAOdC38\nCzsbCHoUgLlk+wKCAQEAwgFNgXE7Uhhvhnc4NBZeQwfolZpr9CLFhiFkzn9/Yl0e\nnGlc25ToFTayMa+DrSKeptkHz6NKrvbE21taaRnPEw4O3AJ6+NKDgk3+zEgC6W8g\nkCjB0qbj5Chvd8Uj2wVFIKP3+d8inWpoemf2Wbbf/7tFq8srYC8Z4BgwB7qIRUqT\n4IZwkerBF6JAgqiHEbRv9KZNKUwnHEqzz3/8teSx09Tn6kBPWO1cah0vmkWhLr9V\nbmaMEBWZZX6mowDZHXKN2nj0g1r5wBbDqHkRwBb33jAIjnQ5cS8Or0px9lk4yD5t\nqvDwR1imDxMmnO20B0tq9+Z0+9+8byLozUfFf5Q95wKCAQEAkai4O8PXBx1ASjLh\nBcUMnTbAzsw4hznwMndKx72j5TQqDrHFuZGlDSJ7qB8hLgheVK/um5HHrYx/IYyB\nzqFv4MGeEtkq++7FUIzXsaDzobKJ/4LV8g7SlDf5WgWq/NDDrV9TJTpUfBLxlFxO\nbx0jRxEydH0EjaBLQqKEKeun09ooyBd3hXEI1Lk2Wg2ict8kOlLtcRJsCfH9qHaC\n7qCdeiOyZjv9syahwz9QveI5GZp4SsQLJR7AESavTVwFXP5w1x9Te5g54hr15bG0\ncGNVS2ISdRLdw4Rj/SKfoDePFXlTkh6KthkGuLJdoDqfUnMzOwoCMOAf8HIDB1xi\nG6KPHwKCAQA6TsvtmIucq+1w+4nv1b005j6YIBZMBNta6dRzX8x4UsZtehlHgaST\nI6JA3qBzu9D1EouPc2Nx3Ibj6rvslK4w6uu6YiB1gke2NRzcZtRBNn4R9b3zQueB\nXknKNH0HSbkyCzXvaonrx9xo1bAr3JPMN4vEC0cZHG7pdDuTRxPHx5dURvO0V1r7\ncG91FZOq1ZFEdWsBe3rRvP334l6giICNyxJ8zCFM9+HrnqP8+Opts2HI0ZdNCkDV\nSVBp80pN2G0b+Xh7ti8T9YOOsfyMwBp1M/iOYA4Xn24JbxV7VeuD+4dYdhuxRcp7\nA2V6itKt0pPut9v3C5KF0Hcpo2WPZ42HAoIBAQCPzArN80k/sxAZ9t9t2LsHC37r\n5PBbnGjr6dAXirWwhL3Fdq0yX2h+qRm9Oksvwu5R3nsXa+L3P6mqEAYdqkGUiRy4\n+L7jRERuDKbybKJioId/xSflTjZZ9U+8ulK/3LKDkVueNo68sc7N79b2zzpEtWDV\n0eD4j+jxVX23cqPt2p6gwrUTi/DeZnh0pkBcsGxd8c2y4UKRd/m6Kitp8nE1v/FW\nqlHxx4ZaIZlvb9rrlT7MWlU98x6ITXTz+girY1eayWKHAfnwTNSSRePa8HKeUONF\nOiBcvyz8gYZiuLPuW6tL0POBTfKTiAvtsENksPS6HmftrzswYlJS4JZXwDCh\n-----END RSA PRIVATE KEY-----\n",
            "public_key_fingerprint_md5": "8f:35:71:27:f5:d3:79:c5:02:ec:37:e5:aa:c5:d4:2b",
            "public_key_openssh": "ssh-rsa AAAAB3NzaC1yc2EAAAADAQABAAACAQC+9u+1FXhbtyjI4GogwvmsBkJII1KAfoW/5S5MiVRuZImQk3Bgt3OEWgc849G64XYA7XHNuPV1lrnzrAywxVbk2/T5mjVykBadN4HnaIopY2fzj7dtXNpdqn5DqRFYtUMcVlbDQbk0pc3ufT2iTPcl31n2L3pbyp2Aia/E4LMwZmwg70eU3QdVnal6aIoCt+QElAhLIlDGKd2YxrgCqioUqNWJd5ENfy7mhvhlM7jeaaT9ZjfNSjT5+DMins7v4a/NyE4FbOhRsKCGkOG+aIJYmMDAOcGObZ477QdW+TrhFaaQ0N2i62qt87JiEzr0pQmhqU3sc5DKIhm9LgF0oCx6adNKg0RSGZ/nbpBWhAUfYAdrgxYam9gXf+gAK0hBShX5CoJw1tZXiw6KHVBWxVnDM7acuErR0Amna4XpdJo5IBVFax0ixqpNE+Iy0BSnhKCZyETYza90SJCrB9e14Qoau5viXsv+upJp1+6vguyRed/rhPMhkHowhFtDEhrNS9IVe5f7l+hMPJOQSJ40uDw+0+T/kYdH3gRO7qf3PZIwBMwsTgnlpHxTf3O5pBDw9Mv1ECxdASCgZIPdRe6PbtZ2pL74l/SwN5SaiIO35T9dyvqu5p0++aQdk11ueLwPr3GHmadDwhwfTCY8MVnnjpD4CAiWOiThBQb4HsGaOnXtfQ==\n",
            "public_key_pem": "-----BEGIN PUBLIC KEY-----\nMIICIjANBgkqhkiG9w0BAQEFAAOCAg8AMIICCgKCAgEAvvbvtRV4W7coyOBqIML5\nrAZCSCNSgH6Fv+UuTIlUbmSJkJNwYLdzhFoHPOPRuuF2AO1xzbj1dZa586wMsMVW\n5Nv0+Zo1cpAWnTeB52iKKWNn84+3bVzaXap+Q6kRWLVDHFZWw0G5NKXN7n09okz3\nJd9Z9i96W8qdgImvxOCzMGZsIO9HlN0HVZ2pemiKArfkBJQISyJQxindmMa4Aqoq\nFKjViXeRDX8u5ob4ZTO43mmk/WY3zUo0+fgzIp7O7+GvzchOBWzoUbCghpDhvmiC\nWJjAwDnBjm2eO+0HVvk64RWmkNDdoutqrfOyYhM69KUJoalN7HOQyiIZvS4BdKAs\nemnTSoNEUhmf526QVoQFH2AHa4MWGpvYF3/oACtIQUoV+QqCcNbWV4sOih1QVsVZ\nwzO2nLhK0dAJp2uF6XSaOSAVRWsdIsaqTRPiMtAUp4SgmchE2M2vdEiQqwfXteEK\nGrub4l7L/rqSadfur4LskXnf64TzIZB6MIRbQxIazUvSFXuX+5foTDyTkEieNLg8\nPtPk/5GHR94ETu6n9z2SMATMLE4J5aR8U39zuaQQ8PTL9RAsXQEgoGSD3UXuj27W\ndqS++Jf0sDeUmoiDt+U/Xcr6ruadPvmkHZNdbni8D69xh5mnQ8IcH0wmPDFZ546Q\n+AgIljok4QUG+B7Bmjp17X0CAwEAAQ==\n-----END PUBLIC KEY-----\n",
            "rsa_bits": 4096
          },
          "private": "bnVsbA=="
        }
      ]
    }
  ]
}
