{
  "version": 4,
  "terraform_version": "0.12.26",
  "serial": 105,
  "lineage": "2906a9e7-9655-bdf1-3885-a4dfa734bc06",
  "outputs": {},
  "resources": [
    {
      "mode": "managed",
      "type": "aws_eip",
      "name": "eip",
      "provider": "provider.aws",
      "instances": [
        {
          "schema_version": 0,
          "attributes": {
            "allocation_id": null,
            "associate_with_private_ip": null,
            "association_id": "",
            "customer_owned_ip": "",
            "customer_owned_ipv4_pool": "",
            "domain": "vpc",
            "id": "eipalloc-04221ccf87221a029",
            "instance": "",
            "network_interface": "",
            "private_dns": null,
            "private_ip": "",
            "public_dns": "ec2-15-207-147-58.ap-south-1.compute.amazonaws.com",
            "public_ip": "15.207.147.58",
            "public_ipv4_pool": "amazon",
            "tags": null,
            "timeouts": null,
            "vpc": true
          },
          "private": "eyJlMmJmYjczMC1lY2FhLTExZTYtOGY4OC0zNDM2M2JjN2M0YzAiOnsiZGVsZXRlIjoxODAwMDAwMDAwMDAsInJlYWQiOjkwMDAwMDAwMDAwMCwidXBkYXRlIjozMDAwMDAwMDAwMDB9fQ=="
        }
      ]
    },
    {
      "mode": "managed",
      "type": "aws_instance",
      "name": "myin1",
      "provider": "provider.aws",
      "instances": [
        {
          "schema_version": 1,
          "attributes": {
            "ami": "ami-000cbce3e1b899ebd",
            "arn": "arn:aws:ec2:ap-south-1:386123244177:instance/i-0d461bdca8f04ef68",
            "associate_public_ip_address": true,
            "availability_zone": "ap-south-1a",
            "cpu_core_count": 1,
            "cpu_threads_per_core": 1,
            "credit_specification": [
              {
                "cpu_credits": "standard"
              }
            ],
            "disable_api_termination": false,
            "ebs_block_device": [],
            "ebs_optimized": false,
            "ephemeral_block_device": [],
            "get_password_data": false,
            "hibernation": false,
            "host_id": null,
            "iam_instance_profile": "",
            "id": "i-0d461bdca8f04ef68",
            "instance_initiated_shutdown_behavior": null,
            "instance_state": "running",
            "instance_type": "t2.micro",
            "ipv6_address_count": 0,
            "ipv6_addresses": [],
            "key_name": "key",
            "metadata_options": [
              {
                "http_endpoint": "enabled",
                "http_put_response_hop_limit": 1,
                "http_tokens": "optional"
              }
            ],
            "monitoring": false,
            "network_interface": [],
            "outpost_arn": "",
            "password_data": "",
            "placement_group": "",
            "primary_network_interface_id": "eni-02252f6fa20bd7fc4",
            "private_dns": "ip-192-168-0-114.ap-south-1.compute.internal",
            "private_ip": "192.168.0.114",
            "public_dns": "ec2-15-206-123-213.ap-south-1.compute.amazonaws.com",
            "public_ip": "15.206.123.213",
            "root_block_device": [
              {
                "delete_on_termination": true,
                "device_name": "/dev/xvda",
                "encrypted": false,
                "iops": 100,
                "kms_key_id": "",
                "volume_id": "vol-0812779ede76f092c",
                "volume_size": 10,
                "volume_type": "gp2"
              }
            ],
            "secondary_private_ips": [],
            "security_groups": [],
            "source_dest_check": true,
            "subnet_id": "subnet-05dc7cd78069f2b51",
            "tags": {
              "Name": "MyWordpressInstance"
            },
            "tenancy": "default",
            "timeouts": null,
            "user_data": null,
            "user_data_base64": null,
            "volume_tags": {},
            "vpc_security_group_ids": [
              "sg-082916ad9b5f0a61c"
            ]
          },
          "private": "eyJlMmJmYjczMC1lY2FhLTExZTYtOGY4OC0zNDM2M2JjN2M0YzAiOnsiY3JlYXRlIjo2MDAwMDAwMDAwMDAsImRlbGV0ZSI6MTIwMDAwMDAwMDAwMCwidXBkYXRlIjo2MDAwMDAwMDAwMDB9LCJzY2hlbWFfdmVyc2lvbiI6IjEifQ==",
          "dependencies": [
            "aws_internet_gateway.mygw",
            "aws_key_pair.Key",
            "aws_security_group.newgrp1",
            "aws_subnet.public_sub",
            "aws_vpc.myvpc",
            "tls_private_key.privateKey"
          ]
        }
      ]
    },
    {
      "mode": "managed",
      "type": "aws_instance",
      "name": "myin2",
      "provider": "provider.aws",
      "instances": [
        {
          "schema_version": 1,
          "attributes": {
            "ami": "ami-0732b62d310b80e97",
            "arn": "arn:aws:ec2:ap-south-1:386123244177:instance/i-02ca20c0c58f8d196",
            "associate_public_ip_address": true,
            "availability_zone": "ap-south-1a",
            "cpu_core_count": 1,
            "cpu_threads_per_core": 1,
            "credit_specification": [
              {
                "cpu_credits": "standard"
              }
            ],
            "disable_api_termination": false,
            "ebs_block_device": [],
            "ebs_optimized": false,
            "ephemeral_block_device": [],
            "get_password_data": false,
            "hibernation": false,
            "host_id": null,
            "iam_instance_profile": "",
            "id": "i-02ca20c0c58f8d196",
            "instance_initiated_shutdown_behavior": null,
            "instance_state": "running",
            "instance_type": "t2.micro",
            "ipv6_address_count": 0,
            "ipv6_addresses": [],
            "key_name": "key",
            "metadata_options": [
              {
                "http_endpoint": "enabled",
                "http_put_response_hop_limit": 1,
                "http_tokens": "optional"
              }
            ],
            "monitoring": false,
            "network_interface": [],
            "outpost_arn": "",
            "password_data": "",
            "placement_group": "",
            "primary_network_interface_id": "eni-0730f51d4758b942f",
            "private_dns": "ip-192-168-0-152.ap-south-1.compute.internal",
            "private_ip": "192.168.0.152",
            "public_dns": "ec2-15-206-81-50.ap-south-1.compute.amazonaws.com",
            "public_ip": "15.206.81.50",
            "root_block_device": [
              {
                "delete_on_termination": true,
                "device_name": "/dev/xvda",
                "encrypted": false,
                "iops": 100,
                "kms_key_id": "",
                "volume_id": "vol-05b2d552a6109bd7c",
                "volume_size": 8,
                "volume_type": "gp2"
              }
            ],
            "secondary_private_ips": [],
            "security_groups": [],
            "source_dest_check": true,
            "subnet_id": "subnet-05dc7cd78069f2b51",
            "tags": {
              "Name": "MyBastionHostInstance"
            },
            "tenancy": "default",
            "timeouts": null,
            "user_data": null,
            "user_data_base64": null,
            "volume_tags": {},
            "vpc_security_group_ids": [
              "sg-0fbb0cda109811e8b"
            ]
          },
          "private": "eyJlMmJmYjczMC1lY2FhLTExZTYtOGY4OC0zNDM2M2JjN2M0YzAiOnsiY3JlYXRlIjo2MDAwMDAwMDAwMDAsImRlbGV0ZSI6MTIwMDAwMDAwMDAwMCwidXBkYXRlIjo2MDAwMDAwMDAwMDB9LCJzY2hlbWFfdmVyc2lvbiI6IjEifQ==",
          "dependencies": [
            "aws_key_pair.Key",
            "aws_security_group.newgrp2",
            "aws_subnet.public_sub",
            "aws_vpc.myvpc",
            "tls_private_key.privateKey"
          ]
        }
      ]
    },
    {
      "mode": "managed",
      "type": "aws_instance",
      "name": "myin3",
      "provider": "provider.aws",
      "instances": [
        {
          "schema_version": 1,
          "attributes": {
            "ami": "ami-08706cb5f68222d09",
            "arn": "arn:aws:ec2:ap-south-1:386123244177:instance/i-0e7dcb75ccf90b387",
            "associate_public_ip_address": false,
            "availability_zone": "ap-south-1b",
            "cpu_core_count": 1,
            "cpu_threads_per_core": 1,
            "credit_specification": [
              {
                "cpu_credits": "standard"
              }
            ],
            "disable_api_termination": false,
            "ebs_block_device": [],
            "ebs_optimized": false,
            "ephemeral_block_device": [],
            "get_password_data": false,
            "hibernation": false,
            "host_id": null,
            "iam_instance_profile": "",
            "id": "i-0e7dcb75ccf90b387",
            "instance_initiated_shutdown_behavior": null,
            "instance_state": "running",
            "instance_type": "t2.micro",
            "ipv6_address_count": 0,
            "ipv6_addresses": [],
            "key_name": "key",
            "metadata_options": [
              {
                "http_endpoint": "enabled",
                "http_put_response_hop_limit": 1,
                "http_tokens": "optional"
              }
            ],
            "monitoring": false,
            "network_interface": [],
            "outpost_arn": "",
            "password_data": "",
            "placement_group": "",
            "primary_network_interface_id": "eni-0fb55462d72c4ad76",
            "private_dns": "ip-192-168-1-176.ap-south-1.compute.internal",
            "private_ip": "192.168.1.176",
            "public_dns": "",
            "public_ip": "",
            "root_block_device": [
              {
                "delete_on_termination": true,
                "device_name": "/dev/xvda",
                "encrypted": false,
                "iops": 100,
                "kms_key_id": "",
                "volume_id": "vol-0e28f6ea4abaa4d30",
                "volume_size": 8,
                "volume_type": "gp2"
              }
            ],
            "secondary_private_ips": [],
            "security_groups": [],
            "source_dest_check": true,
            "subnet_id": "subnet-0e35ddd082f62e0b6",
            "tags": {
              "Name": "MySQLInstance"
            },
            "tenancy": "default",
            "timeouts": null,
            "user_data": null,
            "user_data_base64": null,
            "volume_tags": {},
            "vpc_security_group_ids": [
              "sg-027a9754cd36967bb"
            ]
          },
          "private": "eyJlMmJmYjczMC1lY2FhLTExZTYtOGY4OC0zNDM2M2JjN2M0YzAiOnsiY3JlYXRlIjo2MDAwMDAwMDAwMDAsImRlbGV0ZSI6MTIwMDAwMDAwMDAwMCwidXBkYXRlIjo2MDAwMDAwMDAwMDB9LCJzY2hlbWFfdmVyc2lvbiI6IjEifQ==",
          "dependencies": [
            "aws_eip.eip",
            "aws_key_pair.Key",
            "aws_nat_gateway.natgw",
            "aws_security_group.newgrp1",
            "aws_security_group.newgrp2",
            "aws_security_group.newgrp3",
            "aws_subnet.private_sub",
            "aws_subnet.public_sub",
            "aws_vpc.myvpc",
            "tls_private_key.privateKey"
          ]
        }
      ]
    },
    {
      "mode": "managed",
      "type": "aws_internet_gateway",
      "name": "mygw",
      "provider": "provider.aws",
      "instances": [
        {
          "schema_version": 0,
          "attributes": {
            "arn": "arn:aws:ec2:ap-south-1:386123244177:internet-gateway/igw-016e51f67b0a7583b",
            "id": "igw-016e51f67b0a7583b",
            "owner_id": "386123244177",
            "tags": {
              "Name": "MyIGW"
            },
            "vpc_id": "vpc-04c643d651c65ca0d"
          },
          "private": "bnVsbA==",
          "dependencies": [
            "aws_vpc.myvpc"
          ]
        }
      ]
    },
    {
      "mode": "managed",
      "type": "aws_key_pair",
      "name": "Key",
      "provider": "provider.aws",
      "instances": [
        {
          "schema_version": 1,
          "attributes": {
            "arn": "arn:aws:ec2:ap-south-1:386123244177:key-pair/key",
            "fingerprint": "e0:bb:55:8d:09:7f:25:25:7d:84:1f:ca:16:d7:c0:fc",
            "id": "key",
            "key_name": "key",
            "key_name_prefix": null,
            "key_pair_id": "key-0d56ea210e1545bbb",
            "public_key": "ssh-rsa AAAAB3NzaC1yc2EAAAADAQABAAACAQCz0Ar2PGYf9VGaB2evCVGvmmN5H1fx82XACTRLtekBWzF7/mSj+rWFzGpWFYhe7feSQ7BpeM7thurmoIYUv3+ek8lUCcY0iG0OHg4OzSVeMVEuj1wNebJ+p4uQH7BkQ6YQDxthxCfxna68+sNEMUhO2HuWzQj0zRWPl7VRPijEdRPabldqI/CNdnaJc5Nk6PBBr3XvVYhiznPrbAVSRFQTxN/rPYBcXvvnid+9nciETmWq1i3H6/fMFVMijZMjtdsi803bDqMwb1F297cQFcSYbEHIr5OlJ39DVE3KO4X0Dv8YSoIkek1UlSEkCUuYbo8T0MGwyQbjpSUeypAXtvISX0IJaN9JXXokjBeFTxy4LMKmgP2yundRT8le+9mUn8mx6flSDTj8MqgvF5w5rEARtKviri6jrl7PtRZU707mh0cvi2b6zXHRAqODsQhB/iMQf4LLTMzWVaAVrTR78iRQ8RXFtQuULnV4FUg0mR9q/zVkxc/SzzTiA48WJr29sSgwi+Ul3icRen9vMeifJdVJ/vrbbhGFUgiTLFIwbmCz+VMBuUq9GeWZplC5IlO71xAz0v0PGbMFRzKfxUAaULoXVVOrtPf5he5S2poKHifapCj3XFIM7UJtROCEkbFhhUJA7T5ZHj/uTbm1DRjS+m3UvO3HZ+aRjmDYAyW7YyY0lw==",
            "tags": null
          },
          "private": "eyJzY2hlbWFfdmVyc2lvbiI6IjEifQ==",
          "dependencies": [
            "tls_private_key.privateKey"
          ]
        }
      ]
    },
    {
      "mode": "managed",
      "type": "aws_nat_gateway",
      "name": "natgw",
      "provider": "provider.aws",
      "instances": [
        {
          "schema_version": 0,
          "attributes": {
            "allocation_id": "eipalloc-04221ccf87221a029",
            "id": "nat-0c5e60e76820a7bdf",
            "network_interface_id": "eni-0e1293a694c9b10cc",
            "private_ip": "192.168.0.4",
            "public_ip": "15.207.147.58",
            "subnet_id": "subnet-05dc7cd78069f2b51",
            "tags": {
              "Name": "Natgateway"
            }
          },
          "private": "bnVsbA==",
          "dependencies": [
            "aws_eip.eip",
            "aws_subnet.public_sub",
            "aws_vpc.myvpc"
          ]
        }
      ]
    },
    {
      "mode": "managed",
      "type": "aws_route_table",
      "name": "route1",
      "provider": "provider.aws",
      "instances": [
        {
          "schema_version": 0,
          "attributes": {
            "id": "rtb-0d80571a16850dae9",
            "owner_id": "386123244177",
            "propagating_vgws": [],
            "route": [
              {
                "cidr_block": "0.0.0.0/0",
                "egress_only_gateway_id": "",
                "gateway_id": "igw-016e51f67b0a7583b",
                "instance_id": "",
                "ipv6_cidr_block": "",
                "local_gateway_id": "",
                "nat_gateway_id": "",
                "network_interface_id": "",
                "transit_gateway_id": "",
                "vpc_peering_connection_id": ""
              }
            ],
            "tags": {
              "Name": "myroute1"
            },
            "vpc_id": "vpc-04c643d651c65ca0d"
          },
          "private": "bnVsbA==",
          "dependencies": [
            "aws_internet_gateway.mygw",
            "aws_vpc.myvpc"
          ]
        }
      ]
    },
    {
      "mode": "managed",
      "type": "aws_route_table",
      "name": "route2",
      "provider": "provider.aws",
      "instances": [
        {
          "schema_version": 0,
          "attributes": {
            "id": "rtb-03a64c7e8a06a7e44",
            "owner_id": "386123244177",
            "propagating_vgws": [],
            "route": [
              {
                "cidr_block": "0.0.0.0/0",
                "egress_only_gateway_id": "",
                "gateway_id": "nat-0c5e60e76820a7bdf",
                "instance_id": "",
                "ipv6_cidr_block": "",
                "local_gateway_id": "",
                "nat_gateway_id": "",
                "network_interface_id": "",
                "transit_gateway_id": "",
                "vpc_peering_connection_id": ""
              }
            ],
            "tags": {
              "Name": "myroute2"
            },
            "vpc_id": "vpc-04c643d651c65ca0d"
          },
          "private": "bnVsbA==",
          "dependencies": [
            "aws_eip.eip",
            "aws_nat_gateway.natgw",
            "aws_subnet.public_sub",
            "aws_vpc.myvpc"
          ]
        }
      ]
    },
    {
      "mode": "managed",
      "type": "aws_route_table_association",
      "name": "route_ass1",
      "provider": "provider.aws",
      "instances": [
        {
          "schema_version": 0,
          "attributes": {
            "gateway_id": null,
            "id": "rtbassoc-01131e42b9527bb40",
            "route_table_id": "rtb-0d80571a16850dae9",
            "subnet_id": "subnet-05dc7cd78069f2b51"
          },
          "private": "bnVsbA==",
          "dependencies": [
            "aws_internet_gateway.mygw",
            "aws_route_table.route1",
            "aws_subnet.public_sub",
            "aws_vpc.myvpc"
          ]
        }
      ]
    },
    {
      "mode": "managed",
      "type": "aws_route_table_association",
      "name": "route_ass2",
      "provider": "provider.aws",
      "instances": [
        {
          "schema_version": 0,
          "attributes": {
            "gateway_id": null,
            "id": "rtbassoc-055dd1aa14f8c4f4a",
            "route_table_id": "rtb-03a64c7e8a06a7e44",
            "subnet_id": "subnet-0e35ddd082f62e0b6"
          },
          "private": "bnVsbA==",
          "dependencies": [
            "aws_eip.eip",
            "aws_nat_gateway.natgw",
            "aws_route_table.route2",
            "aws_subnet.private_sub",
            "aws_subnet.public_sub",
            "aws_vpc.myvpc"
          ]
        }
      ]
    },
    {
      "mode": "managed",
      "type": "aws_security_group",
      "name": "newgrp1",
      "provider": "provider.aws",
      "instances": [
        {
          "schema_version": 1,
          "attributes": {
            "arn": "arn:aws:ec2:ap-south-1:386123244177:security-group/sg-082916ad9b5f0a61c",
            "description": "Allow HTTP inbound traffic",
            "egress": [
              {
                "cidr_blocks": [
                  "0.0.0.0/0"
                ],
                "description": "",
                "from_port": 0,
                "ipv6_cidr_blocks": [],
                "prefix_list_ids": [],
                "protocol": "-1",
                "security_groups": [],
                "self": false,
                "to_port": 0
              }
            ],
            "id": "sg-082916ad9b5f0a61c",
            "ingress": [
              {
                "cidr_blocks": [
                  "0.0.0.0/0"
                ],
                "description": "HTTP from VPC",
                "from_port": 80,
                "ipv6_cidr_blocks": [],
                "prefix_list_ids": [],
                "protocol": "tcp",
                "security_groups": [],
                "self": false,
                "to_port": 80
              }
            ],
            "name": "MySecGrp1",
            "name_prefix": "",
            "owner_id": "386123244177",
            "revoke_rules_on_delete": false,
            "tags": {
              "Name": "MySecGrp1"
            },
            "timeouts": null,
            "vpc_id": "vpc-04c643d651c65ca0d"
          },
          "private": "eyJlMmJmYjczMC1lY2FhLTExZTYtOGY4OC0zNDM2M2JjN2M0YzAiOnsiY3JlYXRlIjo2MDAwMDAwMDAwMDAsImRlbGV0ZSI6NjAwMDAwMDAwMDAwfSwic2NoZW1hX3ZlcnNpb24iOiIxIn0=",
          "dependencies": [
            "aws_vpc.myvpc"
          ]
        }
      ]
    },
    {
      "mode": "managed",
      "type": "aws_security_group",
      "name": "newgrp2",
      "provider": "provider.aws",
      "instances": [
        {
          "schema_version": 1,
          "attributes": {
            "arn": "arn:aws:ec2:ap-south-1:386123244177:security-group/sg-0fbb0cda109811e8b",
            "description": "Allow HTTP inbound traffic",
            "egress": [
              {
                "cidr_blocks": [
                  "0.0.0.0/0"
                ],
                "description": "",
                "from_port": 0,
                "ipv6_cidr_blocks": [],
                "prefix_list_ids": [],
                "protocol": "-1",
                "security_groups": [],
                "self": false,
                "to_port": 0
              }
            ],
            "id": "sg-0fbb0cda109811e8b",
            "ingress": [
              {
                "cidr_blocks": [
                  "0.0.0.0/0"
                ],
                "description": "SSH from VPC",
                "from_port": 22,
                "ipv6_cidr_blocks": [],
                "prefix_list_ids": [],
                "protocol": "tcp",
                "security_groups": [],
                "self": false,
                "to_port": 22
              }
            ],
            "name": "MySecGrp2",
            "name_prefix": "",
            "owner_id": "386123244177",
            "revoke_rules_on_delete": false,
            "tags": {
              "Name": "MySecGrp2"
            },
            "timeouts": null,
            "vpc_id": "vpc-04c643d651c65ca0d"
          },
          "private": "eyJlMmJmYjczMC1lY2FhLTExZTYtOGY4OC0zNDM2M2JjN2M0YzAiOnsiY3JlYXRlIjo2MDAwMDAwMDAwMDAsImRlbGV0ZSI6NjAwMDAwMDAwMDAwfSwic2NoZW1hX3ZlcnNpb24iOiIxIn0=",
          "dependencies": [
            "aws_vpc.myvpc"
          ]
        }
      ]
    },
    {
      "mode": "managed",
      "type": "aws_security_group",
      "name": "newgrp3",
      "provider": "provider.aws",
      "instances": [
        {
          "schema_version": 1,
          "attributes": {
            "arn": "arn:aws:ec2:ap-south-1:386123244177:security-group/sg-027a9754cd36967bb",
            "description": "Allow Mysql inbound traffic",
            "egress": [
              {
                "cidr_blocks": [
                  "0.0.0.0/0"
                ],
                "description": "",
                "from_port": 0,
                "ipv6_cidr_blocks": [],
                "prefix_list_ids": [],
                "protocol": "-1",
                "security_groups": [],
                "self": false,
                "to_port": 0
              }
            ],
            "id": "sg-027a9754cd36967bb",
            "ingress": [
              {
                "cidr_blocks": [],
                "description": "HTTP from VPC",
                "from_port": 3306,
                "ipv6_cidr_blocks": [],
                "prefix_list_ids": [],
                "protocol": "tcp",
                "security_groups": [
                  "sg-082916ad9b5f0a61c"
                ],
                "self": false,
                "to_port": 3306
              },
              {
                "cidr_blocks": [],
                "description": "SSH from VPC",
                "from_port": 22,
                "ipv6_cidr_blocks": [],
                "prefix_list_ids": [],
                "protocol": "tcp",
                "security_groups": [
                  "sg-0fbb0cda109811e8b"
                ],
                "self": false,
                "to_port": 22
              }
            ],
            "name": "MySecGrp3",
            "name_prefix": "",
            "owner_id": "386123244177",
            "revoke_rules_on_delete": false,
            "tags": {
              "Name": "MySecGrp3"
            },
            "timeouts": null,
            "vpc_id": "vpc-04c643d651c65ca0d"
          },
          "private": "eyJlMmJmYjczMC1lY2FhLTExZTYtOGY4OC0zNDM2M2JjN2M0YzAiOnsiY3JlYXRlIjo2MDAwMDAwMDAwMDAsImRlbGV0ZSI6NjAwMDAwMDAwMDAwfSwic2NoZW1hX3ZlcnNpb24iOiIxIn0=",
          "dependencies": [
            "aws_security_group.newgrp1",
            "aws_security_group.newgrp2",
            "aws_vpc.myvpc"
          ]
        }
      ]
    },
    {
      "mode": "managed",
      "type": "aws_subnet",
      "name": "private_sub",
      "provider": "provider.aws",
      "instances": [
        {
          "schema_version": 1,
          "attributes": {
            "arn": "arn:aws:ec2:ap-south-1:386123244177:subnet/subnet-0e35ddd082f62e0b6",
            "assign_ipv6_address_on_creation": false,
            "availability_zone": "ap-south-1b",
            "availability_zone_id": "aps1-az3",
            "cidr_block": "192.168.1.0/24",
            "id": "subnet-0e35ddd082f62e0b6",
            "ipv6_cidr_block": "",
            "ipv6_cidr_block_association_id": "",
            "map_public_ip_on_launch": false,
            "outpost_arn": "",
            "owner_id": "386123244177",
            "tags": {
              "Name": "subnet2"
            },
            "timeouts": null,
            "vpc_id": "vpc-04c643d651c65ca0d"
          },
          "private": "eyJlMmJmYjczMC1lY2FhLTExZTYtOGY4OC0zNDM2M2JjN2M0YzAiOnsiY3JlYXRlIjo2MDAwMDAwMDAwMDAsImRlbGV0ZSI6MTIwMDAwMDAwMDAwMH0sInNjaGVtYV92ZXJzaW9uIjoiMSJ9",
          "dependencies": [
            "aws_vpc.myvpc"
          ]
        }
      ]
    },
    {
      "mode": "managed",
      "type": "aws_subnet",
      "name": "public_sub",
      "provider": "provider.aws",
      "instances": [
        {
          "schema_version": 1,
          "attributes": {
            "arn": "arn:aws:ec2:ap-south-1:386123244177:subnet/subnet-05dc7cd78069f2b51",
            "assign_ipv6_address_on_creation": false,
            "availability_zone": "ap-south-1a",
            "availability_zone_id": "aps1-az1",
            "cidr_block": "192.168.0.0/24",
            "id": "subnet-05dc7cd78069f2b51",
            "ipv6_cidr_block": "",
            "ipv6_cidr_block_association_id": "",
            "map_public_ip_on_launch": true,
            "outpost_arn": "",
            "owner_id": "386123244177",
            "tags": {
              "Name": "subnet1"
            },
            "timeouts": null,
            "vpc_id": "vpc-04c643d651c65ca0d"
          },
          "private": "eyJlMmJmYjczMC1lY2FhLTExZTYtOGY4OC0zNDM2M2JjN2M0YzAiOnsiY3JlYXRlIjo2MDAwMDAwMDAwMDAsImRlbGV0ZSI6MTIwMDAwMDAwMDAwMH0sInNjaGVtYV92ZXJzaW9uIjoiMSJ9",
          "dependencies": [
            "aws_vpc.myvpc"
          ]
        }
      ]
    },
    {
      "mode": "managed",
      "type": "aws_vpc",
      "name": "myvpc",
      "provider": "provider.aws",
      "instances": [
        {
          "schema_version": 1,
          "attributes": {
            "arn": "arn:aws:ec2:ap-south-1:386123244177:vpc/vpc-04c643d651c65ca0d",
            "assign_generated_ipv6_cidr_block": false,
            "cidr_block": "192.168.0.0/16",
            "default_network_acl_id": "acl-02a745b99502801ac",
            "default_route_table_id": "rtb-0afaccdc00f5c4f22",
            "default_security_group_id": "sg-0f35a27189f09cff1",
            "dhcp_options_id": "dopt-a35ea6c8",
            "enable_classiclink": null,
            "enable_classiclink_dns_support": null,
            "enable_dns_hostnames": true,
            "enable_dns_support": true,
            "id": "vpc-04c643d651c65ca0d",
            "instance_tenancy": "default",
            "ipv6_association_id": "",
            "ipv6_cidr_block": "",
            "main_route_table_id": "rtb-0afaccdc00f5c4f22",
            "owner_id": "386123244177",
            "tags": {
              "Name": "myvpc"
            }
          },
          "private": "eyJzY2hlbWFfdmVyc2lvbiI6IjEifQ=="
        }
      ]
    },
    {
      "mode": "managed",
      "type": "local_file",
      "name": "key_pem",
      "provider": "provider.local",
      "instances": [
        {
          "schema_version": 0,
          "attributes": {
            "content": "-----BEGIN RSA PRIVATE KEY-----\nMIIJJwIBAAKCAgEAs9AK9jxmH/VRmgdnrwlRr5pjeR9X8fNlwAk0S7XpAVsxe/5k\no/q1hcxqVhWIXu33kkOwaXjO7Ybq5qCGFL9/npPJVAnGNIhtDh4ODs0lXjFRLo9c\nDXmyfqeLkB+wZEOmEA8bYcQn8Z2uvPrDRDFITth7ls0I9M0Vj5e1UT4oxHUT2m5X\naiPwjXZ2iXOTZOjwQa9171WIYs5z62wFUkRUE8Tf6z2AXF7754nfvZ3IhE5lqtYt\nx+v3zBVTIo2TI7XbIvNN2w6jMG9Rdve3EBXEmGxByK+TpSd/Q1RNyjuF9A7/GEqC\nJHpNVJUhJAlLmG6PE9DBsMkG46UlHsqQF7byEl9CCWjfSV16JIwXhU8cuCzCpoD9\nsrp3UU/JXvvZlJ/Jsen5Ug04/DKoLxecOaxAEbSr4q4uo65ez7UWVO9O5odHL4tm\n+s1x0QKjg7EIQf4jEH+Cy0zM1lWgFa00e/IkUPEVxbULlC51eBVINJkfav81ZMXP\n0s804gOPFia9vbEoMIvlJd4nEXp/bzHonyXVSf76224RhVIIkyxSMG5gs/lTAblK\nvRnlmaZQuSJTu9cQM9L9DxmzBUcyn8VAGlC6F1VTq7T3+YXuUtqaCh4n2qQo91xS\nDO1CbUTghJGxYYVCQO0+WR4/7k25tQ0Y0vpt1Lztx2fmkY5g2AMlu2MmNJcCAwEA\nAQKCAgAUuRhaUpGugzZZWxse+CL66v8l2W/oSZXjcOwfAaMN7fWhBauRnnZHKkzj\nCO5DiodqyvRM44htpYvy8nMhdwR9QSkFz26RZVu0MdCK8iepWGOzyv/f6bOhlyul\ne5F3rLg5x5PvS40S8opN61SPymI7/AUaVxz+IZiniONzrodCRP/5v5fBeszhcNKu\neqx1B8eQumkMIT5rrMF9U2C1n3xVHu5zjQ37F1NO1vv7PXD7lpFvA+oYzWAsnBSN\nueVIS1ArEgFaCrDSBzJLVLc7Wlbi/i8CswGAGjI3j0K72OpSO1w473VaQOIiqmE8\nZvnYYn2I2hlIh5KMr968UroSkZoKRGKmPYN2Hi4znlMnwmydG0wSb/BFHV1zN7jm\nrH87tLOy46iH3xPNUk8iOtfW5Nhoq384o6o1xrwsKPiIec1TEtWD0zxJ1yhP8iFG\naoa6U4kpgjetWdrPhwTI3pJwahCAj5i6v235JTm6axqY/XRMJQQdmMRL6kQFVuj9\nEkZSbYh/9EcPRI7U/UZJu+ZaFpcOKNl8pM4sU45sCGvWz39EQrVUYXuf3hy3SXVw\nKKEhWt5tjPVeZsXJ/zSevnNBbI+PTMX2x5Aqdzx5W49QXzdNJCMsLwmxGgEfsztd\naOqgh6YiKG8uIaTxbgymZR0+F8Wdzkm9xEth86fE9Jcagg/2eQKCAQEAxYHfMMio\nyXOdaT7rydni1WTQX4yPyTixVNrJ3Y/qYRC6kgyHI2MBSyZvA05IUfCEH1dYG8ao\nxISL0+7PrHAwAbOd2KjyeFAvADj5fkuSZdndv/i/70pdF/RnTEKQVDXmlItPhD+i\nrdTsk9srs+LnQ/mgPwvMWMfIIeWtuDhQpaRWprGLemUXNK+Ca+ZV4zyPbTQS48po\nphi/8SgTVmtMkStRa1q+S4uzOAdd1CyOLDzDwJ3ZC1TelNKjfNCdLvU9HE9EI8eB\npoxCR2chWrUGSFsUMHyWcaYHdZFv1P7OunBduicjSPF7WYqWA7KQEVgYvCQN6ziB\nf5fuAdIo/cSEfQKCAQEA6RCkOzd7nLmyiUfndOlenT/iIPGGQ3xcFcWXaNt4JvMB\nmebpOk+T3QSp8os7Udxl9vK4GFwRhcQReXvMoVa8NefxQNrw/5yyouVaPsO0+ZzH\nZMPqb7SFlYNIlV5HhRcIcFvhQXtbuAw81/18rMselOQHmzUSaHbO4HbfdTgFxoJ6\nl+xW/OL4vm5Pd0VLbmqbl/21YVca/HFy8a/ietMCiioXldN6j7IUC8Q8FjfsJou0\nSXO9FZSpBMimu4n20SLYPt80TUSZpq5FlXJttgD31KAEprQBQSLuqTXGQ2yZ9+j5\nyZoFcFWQcRR/4RyrvlrKV+kTETKURrgVARZSiNGNowKCAQBiy1nnPxge3LQqhwzO\nxSyP7YPFp7vsvW0GswIyz+A/eWy5zYZzjvyAqNLy5l+KjTKpsrkh+7dDxcFj25sJ\n+Hwq/bvBOpE+2W0JQXabVBYA2H/xnO31Nk9mwhxBqzIizWtvdlfqISKwrUdBlmo/\n6wofmGgt4SrwZc6YFhlVguXkVVX6v+iy6oo3Emu8qVTg+9QKnfes9fxuyQaKDK/P\nlJCSNQbfGl8Bzvlw10556WecfTC10r9Uybkk3FBnCLr3WDifRo8hDpStyI8GxHGM\nu+xOmTB6KHfglVo51uwHsQWbgMWBbj5aKGC5I3dylgk2g8iro6VKudMdDdRCGOvk\nND7JAoIBACkrqGdRiMOJxjEcA5YSd4U9uLtrDvWy7S1nZzS9uD7hJIJEWSTU0+Dy\nJvdSgxsV3Ok/vSeIdAv2M8QLC33grYS0QVjclEADNUczTrrRpZGGkW6KcUpkUEi2\nFUdVjTrEc9gtUuBXYz9i4gihnbmEdBWHJpTTTjon6qmaNiUlzVdgyzk1JbSsf5Zc\nNCt0kTujF3NE/RqB4aGAhPaOxGpABi3T+7Ca2Aa0RXhCpP6jyFKS0Tk8ecVrKmRO\n8a0lVPViu2J32Wxg1uer11zsBtdk2mK0Fb5BBAu2mQRJHInikFxLynxDefx7EPX4\n0hI5F1mb/iyDXrvl/G11rTgw8kl7AxMCggEAbx9Do8X2mqsmhmTzTqK6czvHE/nl\n7ix9e99q08iY5k/Anl9UyYcGnj48lZqSsKKxqSpI5cTmGFMPzYS2V9VdX2IP/5Yg\nQPYNHg16+u8xSx0V5LU5GHfLwr/vyCYr8yOZ4zBDsuw0Kh/+1P2epbE76tbVCs5k\nRjU//CyfYbHPx7Ng6rvnx9ZtsM0Sjq2OmWtTexy++bpzMGsiaQs+O8ur3yngKIkk\nYsj82I4hw3AdTuge4QRnHkcfzNQhKPGEc+gsBbRTjMesfTGs38KSpfvyGxoR6Hr6\nV3/fuW/1tFlz8MA7ncBTo+nYOaqRG80z6yiMJxnQQVtQ1Z24FRkRtQX+8A==\n-----END RSA PRIVATE KEY-----\n",
            "content_base64": null,
            "directory_permission": "0777",
            "file_permission": "0777",
            "filename": "Hybrid-key.pem",
            "id": "9708a79e4eeb4b6668024e86e66746a90f6d2c1a",
            "sensitive_content": null
          },
          "private": "bnVsbA==",
          "dependencies": [
            "tls_private_key.privateKey"
          ]
        }
      ]
    },
    {
      "mode": "managed",
      "type": "null_resource",
      "name": "local2",
      "provider": "provider.null",
      "instances": [
        {
          "schema_version": 0,
          "attributes": {
            "id": "8830058825158663113",
            "triggers": null
          },
          "private": "bnVsbA==",
          "dependencies": [
            "aws_eip.eip",
            "aws_instance.myin1",
            "aws_instance.myin2",
            "aws_instance.myin3",
            "aws_internet_gateway.mygw",
            "aws_key_pair.Key",
            "aws_nat_gateway.natgw",
            "aws_security_group.newgrp1",
            "aws_security_group.newgrp2",
            "aws_security_group.newgrp3",
            "aws_subnet.private_sub",
            "aws_subnet.public_sub",
            "aws_vpc.myvpc",
            "tls_private_key.privateKey"
          ]
        }
      ]
    },
    {
      "mode": "managed",
      "type": "tls_private_key",
      "name": "privateKey",
      "provider": "provider.tls",
      "instances": [
        {
          "schema_version": 0,
          "attributes": {
            "algorithm": "RSA",
            "ecdsa_curve": "P224",
            "id": "a2b2628f8d3ac1c95249e1d6c3cb4c86b8be82e9",
            "private_key_pem": "-----BEGIN RSA PRIVATE KEY-----\nMIIJJwIBAAKCAgEAs9AK9jxmH/VRmgdnrwlRr5pjeR9X8fNlwAk0S7XpAVsxe/5k\no/q1hcxqVhWIXu33kkOwaXjO7Ybq5qCGFL9/npPJVAnGNIhtDh4ODs0lXjFRLo9c\nDXmyfqeLkB+wZEOmEA8bYcQn8Z2uvPrDRDFITth7ls0I9M0Vj5e1UT4oxHUT2m5X\naiPwjXZ2iXOTZOjwQa9171WIYs5z62wFUkRUE8Tf6z2AXF7754nfvZ3IhE5lqtYt\nx+v3zBVTIo2TI7XbIvNN2w6jMG9Rdve3EBXEmGxByK+TpSd/Q1RNyjuF9A7/GEqC\nJHpNVJUhJAlLmG6PE9DBsMkG46UlHsqQF7byEl9CCWjfSV16JIwXhU8cuCzCpoD9\nsrp3UU/JXvvZlJ/Jsen5Ug04/DKoLxecOaxAEbSr4q4uo65ez7UWVO9O5odHL4tm\n+s1x0QKjg7EIQf4jEH+Cy0zM1lWgFa00e/IkUPEVxbULlC51eBVINJkfav81ZMXP\n0s804gOPFia9vbEoMIvlJd4nEXp/bzHonyXVSf76224RhVIIkyxSMG5gs/lTAblK\nvRnlmaZQuSJTu9cQM9L9DxmzBUcyn8VAGlC6F1VTq7T3+YXuUtqaCh4n2qQo91xS\nDO1CbUTghJGxYYVCQO0+WR4/7k25tQ0Y0vpt1Lztx2fmkY5g2AMlu2MmNJcCAwEA\nAQKCAgAUuRhaUpGugzZZWxse+CL66v8l2W/oSZXjcOwfAaMN7fWhBauRnnZHKkzj\nCO5DiodqyvRM44htpYvy8nMhdwR9QSkFz26RZVu0MdCK8iepWGOzyv/f6bOhlyul\ne5F3rLg5x5PvS40S8opN61SPymI7/AUaVxz+IZiniONzrodCRP/5v5fBeszhcNKu\neqx1B8eQumkMIT5rrMF9U2C1n3xVHu5zjQ37F1NO1vv7PXD7lpFvA+oYzWAsnBSN\nueVIS1ArEgFaCrDSBzJLVLc7Wlbi/i8CswGAGjI3j0K72OpSO1w473VaQOIiqmE8\nZvnYYn2I2hlIh5KMr968UroSkZoKRGKmPYN2Hi4znlMnwmydG0wSb/BFHV1zN7jm\nrH87tLOy46iH3xPNUk8iOtfW5Nhoq384o6o1xrwsKPiIec1TEtWD0zxJ1yhP8iFG\naoa6U4kpgjetWdrPhwTI3pJwahCAj5i6v235JTm6axqY/XRMJQQdmMRL6kQFVuj9\nEkZSbYh/9EcPRI7U/UZJu+ZaFpcOKNl8pM4sU45sCGvWz39EQrVUYXuf3hy3SXVw\nKKEhWt5tjPVeZsXJ/zSevnNBbI+PTMX2x5Aqdzx5W49QXzdNJCMsLwmxGgEfsztd\naOqgh6YiKG8uIaTxbgymZR0+F8Wdzkm9xEth86fE9Jcagg/2eQKCAQEAxYHfMMio\nyXOdaT7rydni1WTQX4yPyTixVNrJ3Y/qYRC6kgyHI2MBSyZvA05IUfCEH1dYG8ao\nxISL0+7PrHAwAbOd2KjyeFAvADj5fkuSZdndv/i/70pdF/RnTEKQVDXmlItPhD+i\nrdTsk9srs+LnQ/mgPwvMWMfIIeWtuDhQpaRWprGLemUXNK+Ca+ZV4zyPbTQS48po\nphi/8SgTVmtMkStRa1q+S4uzOAdd1CyOLDzDwJ3ZC1TelNKjfNCdLvU9HE9EI8eB\npoxCR2chWrUGSFsUMHyWcaYHdZFv1P7OunBduicjSPF7WYqWA7KQEVgYvCQN6ziB\nf5fuAdIo/cSEfQKCAQEA6RCkOzd7nLmyiUfndOlenT/iIPGGQ3xcFcWXaNt4JvMB\nmebpOk+T3QSp8os7Udxl9vK4GFwRhcQReXvMoVa8NefxQNrw/5yyouVaPsO0+ZzH\nZMPqb7SFlYNIlV5HhRcIcFvhQXtbuAw81/18rMselOQHmzUSaHbO4HbfdTgFxoJ6\nl+xW/OL4vm5Pd0VLbmqbl/21YVca/HFy8a/ietMCiioXldN6j7IUC8Q8FjfsJou0\nSXO9FZSpBMimu4n20SLYPt80TUSZpq5FlXJttgD31KAEprQBQSLuqTXGQ2yZ9+j5\nyZoFcFWQcRR/4RyrvlrKV+kTETKURrgVARZSiNGNowKCAQBiy1nnPxge3LQqhwzO\nxSyP7YPFp7vsvW0GswIyz+A/eWy5zYZzjvyAqNLy5l+KjTKpsrkh+7dDxcFj25sJ\n+Hwq/bvBOpE+2W0JQXabVBYA2H/xnO31Nk9mwhxBqzIizWtvdlfqISKwrUdBlmo/\n6wofmGgt4SrwZc6YFhlVguXkVVX6v+iy6oo3Emu8qVTg+9QKnfes9fxuyQaKDK/P\nlJCSNQbfGl8Bzvlw10556WecfTC10r9Uybkk3FBnCLr3WDifRo8hDpStyI8GxHGM\nu+xOmTB6KHfglVo51uwHsQWbgMWBbj5aKGC5I3dylgk2g8iro6VKudMdDdRCGOvk\nND7JAoIBACkrqGdRiMOJxjEcA5YSd4U9uLtrDvWy7S1nZzS9uD7hJIJEWSTU0+Dy\nJvdSgxsV3Ok/vSeIdAv2M8QLC33grYS0QVjclEADNUczTrrRpZGGkW6KcUpkUEi2\nFUdVjTrEc9gtUuBXYz9i4gihnbmEdBWHJpTTTjon6qmaNiUlzVdgyzk1JbSsf5Zc\nNCt0kTujF3NE/RqB4aGAhPaOxGpABi3T+7Ca2Aa0RXhCpP6jyFKS0Tk8ecVrKmRO\n8a0lVPViu2J32Wxg1uer11zsBtdk2mK0Fb5BBAu2mQRJHInikFxLynxDefx7EPX4\n0hI5F1mb/iyDXrvl/G11rTgw8kl7AxMCggEAbx9Do8X2mqsmhmTzTqK6czvHE/nl\n7ix9e99q08iY5k/Anl9UyYcGnj48lZqSsKKxqSpI5cTmGFMPzYS2V9VdX2IP/5Yg\nQPYNHg16+u8xSx0V5LU5GHfLwr/vyCYr8yOZ4zBDsuw0Kh/+1P2epbE76tbVCs5k\nRjU//CyfYbHPx7Ng6rvnx9ZtsM0Sjq2OmWtTexy++bpzMGsiaQs+O8ur3yngKIkk\nYsj82I4hw3AdTuge4QRnHkcfzNQhKPGEc+gsBbRTjMesfTGs38KSpfvyGxoR6Hr6\nV3/fuW/1tFlz8MA7ncBTo+nYOaqRG80z6yiMJxnQQVtQ1Z24FRkRtQX+8A==\n-----END RSA PRIVATE KEY-----\n",
            "public_key_fingerprint_md5": "73:eb:df:ad:c6:b8:3f:06:61:93:21:bd:cd:2a:e2:57",
            "public_key_openssh": "ssh-rsa AAAAB3NzaC1yc2EAAAADAQABAAACAQCz0Ar2PGYf9VGaB2evCVGvmmN5H1fx82XACTRLtekBWzF7/mSj+rWFzGpWFYhe7feSQ7BpeM7thurmoIYUv3+ek8lUCcY0iG0OHg4OzSVeMVEuj1wNebJ+p4uQH7BkQ6YQDxthxCfxna68+sNEMUhO2HuWzQj0zRWPl7VRPijEdRPabldqI/CNdnaJc5Nk6PBBr3XvVYhiznPrbAVSRFQTxN/rPYBcXvvnid+9nciETmWq1i3H6/fMFVMijZMjtdsi803bDqMwb1F297cQFcSYbEHIr5OlJ39DVE3KO4X0Dv8YSoIkek1UlSEkCUuYbo8T0MGwyQbjpSUeypAXtvISX0IJaN9JXXokjBeFTxy4LMKmgP2yundRT8le+9mUn8mx6flSDTj8MqgvF5w5rEARtKviri6jrl7PtRZU707mh0cvi2b6zXHRAqODsQhB/iMQf4LLTMzWVaAVrTR78iRQ8RXFtQuULnV4FUg0mR9q/zVkxc/SzzTiA48WJr29sSgwi+Ul3icRen9vMeifJdVJ/vrbbhGFUgiTLFIwbmCz+VMBuUq9GeWZplC5IlO71xAz0v0PGbMFRzKfxUAaULoXVVOrtPf5he5S2poKHifapCj3XFIM7UJtROCEkbFhhUJA7T5ZHj/uTbm1DRjS+m3UvO3HZ+aRjmDYAyW7YyY0lw==\n",
            "public_key_pem": "-----BEGIN PUBLIC KEY-----\nMIICIjANBgkqhkiG9w0BAQEFAAOCAg8AMIICCgKCAgEAs9AK9jxmH/VRmgdnrwlR\nr5pjeR9X8fNlwAk0S7XpAVsxe/5ko/q1hcxqVhWIXu33kkOwaXjO7Ybq5qCGFL9/\nnpPJVAnGNIhtDh4ODs0lXjFRLo9cDXmyfqeLkB+wZEOmEA8bYcQn8Z2uvPrDRDFI\nTth7ls0I9M0Vj5e1UT4oxHUT2m5XaiPwjXZ2iXOTZOjwQa9171WIYs5z62wFUkRU\nE8Tf6z2AXF7754nfvZ3IhE5lqtYtx+v3zBVTIo2TI7XbIvNN2w6jMG9Rdve3EBXE\nmGxByK+TpSd/Q1RNyjuF9A7/GEqCJHpNVJUhJAlLmG6PE9DBsMkG46UlHsqQF7by\nEl9CCWjfSV16JIwXhU8cuCzCpoD9srp3UU/JXvvZlJ/Jsen5Ug04/DKoLxecOaxA\nEbSr4q4uo65ez7UWVO9O5odHL4tm+s1x0QKjg7EIQf4jEH+Cy0zM1lWgFa00e/Ik\nUPEVxbULlC51eBVINJkfav81ZMXP0s804gOPFia9vbEoMIvlJd4nEXp/bzHonyXV\nSf76224RhVIIkyxSMG5gs/lTAblKvRnlmaZQuSJTu9cQM9L9DxmzBUcyn8VAGlC6\nF1VTq7T3+YXuUtqaCh4n2qQo91xSDO1CbUTghJGxYYVCQO0+WR4/7k25tQ0Y0vpt\n1Lztx2fmkY5g2AMlu2MmNJcCAwEAAQ==\n-----END PUBLIC KEY-----\n",
            "rsa_bits": 4096
          },
          "private": "bnVsbA=="
        }
      ]
    }
  ]
}
